{
  "version": 4,
  "terraform_version": "1.11.4",
  "serial": 121,
  "lineage": "ae420e16-ffef-12a1-7b10-9e6e13c11612",
  "outputs": {
    "alb": {
      "value": "nestjs-app-alb-1117839294.us-east-1.elb.amazonaws.com",
      "type": "string"
    },
    "codepipeline_name": {
      "value": "nestjs-app-pipeline",
      "type": "string"
    },
    "ecr_repository_url": {
      "value": "780147879176.dkr.ecr.us-east-1.amazonaws.com/nestjs-app",
      "type": "string"
    },
    "ecs_cluster_name": {
      "value": "nestjs-app-cluster",
      "type": "string"
    },
    "ecs_service_name": {
      "value": "nestjs-app-service",
      "type": "string"
    }
  },
  "resources": [
    {
      "mode": "managed",
      "type": "aws_acm_certificate",
      "name": "example",
      "provider": "provider[\"registry.terraform.io/hashicorp/aws\"]",
      "instances": [
        {
          "schema_version": 0,
          "attributes": {
            "arn": "arn:aws:acm:us-east-1:780147879176:certificate/5d05b858-136e-4a79-b390-69d802dc67c4",
            "certificate_authority_arn": "",
            "certificate_body": "-----BEGIN CERTIFICATE-----\nMIIFEjCCAvqgAwIBAgIRAKYXgc9IuUrRvw9rlrAz+iAwDQYJKoZIhvcNAQELBQAw\nKTEUMBIGA1UEChMLUmlzZSwgQW1iZXIxETAPBgNVBAMTCHJpc2UuY29tMB4XDTI1\nMDQxNjA3MTM0MloXDTI2MDQxNjA3MTM0MlowKTEUMBIGA1UEChMLUmlzZSwgQW1i\nZXIxETAPBgNVBAMTCHJpc2UuY29tMIICIjANBgkqhkiG9w0BAQEFAAOCAg8AMIIC\nCgKCAgEApQydSHDvtE31fKIHgP9T77aqRr4mrzCE8UbEtgqjWiNHejTr29eIBs3a\nrSlCSYbcbiqPFMdzVYju+cx3EcxRxpfLDWN0w0a4ap8R+3T2yj+ZGSH/VXhCQiCQ\nC1P/ybJY4lPuTrRgTFS5FWLNArfOYP0zjIDnJ76uW0NaZaKSvpUUh1KrvJpNCPvB\nhcedFRAUiE8rePeZhlIDaaUaraqcsvPXig0bUyq9a3RgFs30n7nCZu2kQRqYFhDA\nPuMrA4Z8NdhUNpdMYaxUYuIY3cTHjEAbx9PCVYfhT9Rx8YW09bqm7QaK6IJaX9Pb\napX1WMIy2xg+4AH0a2HPU5RsWM72Qfm75EjxzoHrw4GryGBPulfnWGWv9PusWgx6\n7mTcFPChqXMC8qzhCqhoGXy4lJ16ld3KR8qGtjyOeo+xMSAD0st1R8IzgoGK3iF8\nAnTgU6uI/RyDz73nUpQQax0xdqxfbY8lYH2xpFFD0I5pjyjro/YVB/4SfosSXVg6\n4a62pRb3alc+Ts5f6eOomH1JkKZO6iv9ayU4w4r7nAOcYOKebt+v/eZx1Wc5sze8\nid187Vme+tE/73K1Lw+GFyHAxrCVqgGcieI20JIL42qL20gTkBnRzugKKVvUjqtu\nt1hskDf47TvIpYOHjKUJuu2LZPKAjUFPl+GTG3UER6FKX1h6RG0CAwEAAaM1MDMw\nDgYDVR0PAQH/BAQDAgWgMBMGA1UdJQQMMAoGCCsGAQUFBwMBMAwGA1UdEwEB/wQC\nMAAwDQYJKoZIhvcNAQELBQADggIBAGglsYyL+orNYDOBHaHTzxI+mzG7VH3xmzxX\naJJugph3eUe/E/Cy+iwgVdqze+9TKGZSd7kwsBEK9lrJsD9fk5c2A+7dtmnGOIFo\nK+Ci5N2Yt0SfkVU0CztxSVH/jyHowey49kKdd49XauTGZR5vw6KwXOVg9RtTLTM3\nh/X4rKe4XMAIN2WzmK8Xy8SjwRUL6cKrk9AyEyyl8L9CMeKFOLjpfubX1XDwsf3N\nIaGMQY1fvvTwn666Wv1prSgXtNPjHFPNiUAZnT4rHEwo+U38sDwBufaE5iYkv9m4\n4Il7P0pRecyw/cjBWpq4kd9VXNwOIvdOHOtNrfxUsxR9/pqMNLJcKnSZ6UZn/oN1\nm1enQK56eTiOe1WiT0V6ZUeZvYwl/c0RoGkeES6Sq/XU0koTH3a/+8bcN47478r1\nx1VkCmlBoOgTjIUL6YXWe9tO/N9JWmLFkOC88lWlR5/Dq2V/pIenTIGVFsx4Cdue\n+PAEusLCKA1aBgUdvl8iHYI7XVDI9HmVlfdaZXHk9SK2HTHytRjIMknJ4ISA090o\n1Xlh3uefbSBLShxGhj5XPJ1/g7b5lNGbjP14bI339atbpM7DgkbO9Lx6zTQeHTQD\nVWA9cAG65CGVIMBVnnm0A7bi6zXaSnIIpi4iNkc2tWchTkJOmrkMqfZyBXChJsVf\n5GmAyh8M\n-----END CERTIFICATE-----\n",
            "certificate_chain": null,
            "domain_name": "rise.com",
            "domain_validation_options": [],
            "early_renewal_duration": "",
            "id": "arn:aws:acm:us-east-1:780147879176:certificate/5d05b858-136e-4a79-b390-69d802dc67c4",
            "key_algorithm": "RSA_4096",
            "not_after": "2026-04-16T07:13:42Z",
            "not_before": "2025-04-16T07:13:42Z",
            "options": [
              {
                "certificate_transparency_logging_preference": "DISABLED"
              }
            ],
            "pending_renewal": false,
            "private_key": "-----BEGIN RSA PRIVATE KEY-----\nMIIJJwIBAAKCAgEApQydSHDvtE31fKIHgP9T77aqRr4mrzCE8UbEtgqjWiNHejTr\n29eIBs3arSlCSYbcbiqPFMdzVYju+cx3EcxRxpfLDWN0w0a4ap8R+3T2yj+ZGSH/\nVXhCQiCQC1P/ybJY4lPuTrRgTFS5FWLNArfOYP0zjIDnJ76uW0NaZaKSvpUUh1Kr\nvJpNCPvBhcedFRAUiE8rePeZhlIDaaUaraqcsvPXig0bUyq9a3RgFs30n7nCZu2k\nQRqYFhDAPuMrA4Z8NdhUNpdMYaxUYuIY3cTHjEAbx9PCVYfhT9Rx8YW09bqm7QaK\n6IJaX9PbapX1WMIy2xg+4AH0a2HPU5RsWM72Qfm75EjxzoHrw4GryGBPulfnWGWv\n9PusWgx67mTcFPChqXMC8qzhCqhoGXy4lJ16ld3KR8qGtjyOeo+xMSAD0st1R8Iz\ngoGK3iF8AnTgU6uI/RyDz73nUpQQax0xdqxfbY8lYH2xpFFD0I5pjyjro/YVB/4S\nfosSXVg64a62pRb3alc+Ts5f6eOomH1JkKZO6iv9ayU4w4r7nAOcYOKebt+v/eZx\n1Wc5sze8id187Vme+tE/73K1Lw+GFyHAxrCVqgGcieI20JIL42qL20gTkBnRzugK\nKVvUjqtut1hskDf47TvIpYOHjKUJuu2LZPKAjUFPl+GTG3UER6FKX1h6RG0CAwEA\nAQKCAgALF1HqcExrXWHFwk2myYGmdivzHQwUcbo9THgjk4tunzhKagv/dfhaHLM5\nN7CQqFNfw9RhnRWPBeipOKg3tfc41TJ779cE2FfEMnRO5YlABg4Ptk0mPTKWpwGH\nAVoK/8UhUGqPN2fROVBGs6D7McbYlatFIdRmw1WMJHaKpeYekH4UqeWIgwXyOJjE\nmKlhpPb8QfW1502VzSUVkFa+nNxy2hf92uufJxwbgHKElcp+gUkjCY0kItldgjqo\n/zMAxaTLKYJfOMOVPLNfAbqSDIssTZKQVxaUENF/P9N4W3fRm31kKDBld30DO4Vf\nIDygfkxUlMiE3RzDqor4Ht05Co9Zu/89Qmk+R3EqzMm+VVN6C0JXOdorGIqyKNMF\nVYsEPpllM1SSl0McU9duWdN7kL3xoybo4Xa3+kdpTAYZIzWAchwL9oUL2LrBoQvy\n5gpZjse7V6wSLkmjvkLbGJZ9lqm6LeDUjHfYTEp7QITYBVy5Td+nQ7ytbT4k26j7\nbIN1y+HzhK3p3TqRo+gcWDDvdLYXWikR8hV1580xpnwHYs2QCi9aQOZeUOKHPFGa\nOmtxZtPTPVzmbnKB56Bmrh4GeSUqu7nt39cE03yo8DefO+u7Ak1rErsUl4XBV3/h\ni+Yi7p+80JfHaNIPaJKT51xwZrimmhFaN0wOWvF0FxR5SeQjMQKCAQEA03/A2f5d\nGBskffvKUUud1Nur6nsfdPGApqo6jsNIlxX0Kc1CNh9g0EjkEf/HLX5auCvtWPKN\now0RtfsalivmD1zeD42jNVhB/xKwh2F30PF75b5aCJMUUmo9ZBW7SV7gnQ8x9IbO\nXDOuewMxN1XqHY8uKlcTR95emyEK5UYd9RMT/5sqsyPuZxyRTqcsEgyXLI4bPeZl\nQV1zsRLG1p9O+k5ygJfIFq5bCj7hUAgbjt+bU5x0cEEa/H1IsOA3B3dQ8Bxiyhe2\nYJnRhcF1fTJ/eQ68WswOoayxGrikS0GbaN3vv7ARIV4qExXQzcWWtISod/lO24yE\nuWpomMLrRaQY5wKCAQEAx8bgmvvGAmCmkuK7YXQ4fL7MjqgbWyUvOVYKiC8ED0cg\nqofjZPyDij49BE7tR3CVTKZBxnhnyTTvvhO5dMN7wS6dKszMIMxl+Dv7jHa+fb42\nJV3h7HIeo9ou6wHL1AtuC0GFa9jyFXQkOf3vmlkd6L5JPNUpHcsCHx2czbCRZrs3\nf1BzNi5UZW0WvkE4xTrhSGuV8Kgq1ARhTrg6jPzd4E0OwTHBjs87aanrv5UmS7j5\nlGrCMoeW21Q9b+f3pLi+28A76vYkC7EOlmZym4GQKTlX1TKEmmWqGzg49t1dKhiy\nmG2uKGmLzg8XWh0+1CDJbJDc3asdL2e0OCl+3UZpiwKCAQBP+3AjAF6UTy9ttVq9\ng6scZDaPZiBvSSUt4hJjCtbYzCSZ6lWvwg4KtoYJiID6Y15LZ9FKYe/OSZL5Dwzu\n3YsTJDuWBipCci4DGD5J9EIrcic4qtPBil2VDThKMS2ygX7P5n8tyg0gMSs6uepS\n0trGcu8yc9uGwkFkyQolym5pz90wPK3ZMS1nMRaCeBXifYBuCQ+kSQzhu0WVIVSw\ntW5YmnISz1OLwEQNi9oJOgex8D39UJ14FibudTKYMTKeUDD7nMB/TJhbz8+8lXyo\n6//o9/mjHKgr2/Ld+BWpoBX1gni4NQ1FYSboMMfWCXMEsWZEeLOps2o99E+59Xyj\nyXrhAoIBADJUoXuKWN16ehzhcHHh9OVAsIp0QcgZuycHzUl4Bt7OfaVY7OohUAaB\nHaA7Pj5UV9jivgmBhixD4O6TS5LmOQR3ePMye2777+i1O++sbtuBE2UgnO2T5rJD\nIrTkU/TNGGFPlYyRMJRFGWde2YGaWBWt8weXcG9oGNW8ASg1BrzKB/ZUT2JkE7El\n5afzCJlv9xfmuvTReVDG9bj+YwnoHwIGh+QWY/xVq1M4kwNGUUqchIxmxRwz2sbR\nF1VdLJ/cR4FXkgDlGDm11sX/c3pIDwjDwKQewReg61VGOdu/81vKsxwB7fGSfb1h\nQfHbElwhEn3+lRZnqMerqdTIZ4TZ23cCggEAS1Vne+MobSHfFzajVW/PbXaQhMue\nURwwXACAHIUTsPtAYaF9nyJU4csld9kbTDMq9K3anf9q78FyG1CH+6h17RpEWGoo\n+++Z2PceQlyb3jr7jW3MuP7Qg01G+Qu8gaIevZwuobz+YGEVgeISPCfqOw8Dl67C\nLvkAp+v74dwjEfIUm/ryRMPFwU9XGHPUUFnf130VP53kx9wy3HwC8Vojt3a4C+S5\nwiFMzcrGWsbQCwGY4/804pS/xOkJ3FNJoetKNni4IiP85eHC7v6hUNIy/8mB02oJ\nJHcqzK8Uv0DF4+EYtHY63iSlAAZWsuPcniLEfKv+VsEg1rnH/98UEdEP4A==\n-----END RSA PRIVATE KEY-----\n",
            "renewal_eligibility": "INELIGIBLE",
            "renewal_summary": [],
            "status": "ISSUED",
            "subject_alternative_names": [
              "rise.com"
            ],
            "tags": null,
            "tags_all": {},
            "type": "IMPORTED",
            "validation_emails": [],
            "validation_method": "NONE",
            "validation_option": []
          },
          "sensitive_attributes": [
            [
              {
                "type": "get_attr",
                "value": "private_key"
              }
            ]
          ],
          "private": "bnVsbA==",
          "dependencies": [
            "tls_private_key.example",
            "tls_self_signed_cert.example"
          ]
        }
      ]
    },
    {
      "mode": "managed",
      "type": "aws_cloudwatch_event_rule",
      "name": "ecr_image_push",
      "provider": "provider[\"registry.terraform.io/hashicorp/aws\"]",
      "instances": [
        {
          "schema_version": 1,
          "attributes": {
            "arn": "arn:aws:events:us-east-1:780147879176:rule/nestjs-app-ecr-image-push",
            "description": "Detect ECR image push events and trigger CodePipeline",
            "event_bus_name": "default",
            "event_pattern": "{\"detail\":{\"action-type\":[\"PUSH\"],\"image-tag\":[\"latest\"],\"repository-name\":[\"nestjs-app\"]},\"detail-type\":[\"ECR Image Action\"],\"source\":[\"aws.ecr\"]}",
            "force_destroy": false,
            "id": "nestjs-app-ecr-image-push",
            "is_enabled": true,
            "name": "nestjs-app-ecr-image-push",
            "name_prefix": "",
            "role_arn": "",
            "schedule_expression": "",
            "state": "ENABLED",
            "tags": {},
            "tags_all": {}
          },
          "sensitive_attributes": [],
          "private": "eyJzY2hlbWFfdmVyc2lvbiI6IjEifQ==",
          "dependencies": [
            "aws_ecr_repository.app_repo"
          ]
        }
      ]
    },
    {
      "mode": "managed",
      "type": "aws_cloudwatch_event_target",
      "name": "codepipeline_target",
      "provider": "provider[\"registry.terraform.io/hashicorp/aws\"]",
      "instances": [
        {
          "schema_version": 1,
          "attributes": {
            "appsync_target": [],
            "arn": "arn:aws:codepipeline:us-east-1:780147879176:nestjs-app-pipeline",
            "batch_target": [],
            "dead_letter_config": [],
            "ecs_target": [],
            "event_bus_name": "default",
            "force_destroy": false,
            "http_target": [],
            "id": "nestjs-app-ecr-image-push-terraform-20250416030551633000000003",
            "input": "",
            "input_path": "",
            "input_transformer": [],
            "kinesis_target": [],
            "redshift_target": [],
            "retry_policy": [],
            "role_arn": "arn:aws:iam::780147879176:role/nestjs-app-eventbridge-role",
            "rule": "nestjs-app-ecr-image-push",
            "run_command_targets": [],
            "sagemaker_pipeline_target": [],
            "sqs_target": [],
            "target_id": "terraform-20250416030551633000000003"
          },
          "sensitive_attributes": [],
          "private": "eyJzY2hlbWFfdmVyc2lvbiI6IjEifQ==",
          "dependencies": [
            "aws_cloudwatch_event_rule.ecr_image_push",
            "aws_cloudwatch_log_group.app_logs",
            "aws_codebuild_project.deploy_project",
            "aws_codepipeline.app_pipeline",
            "aws_default_subnet.default_az1",
            "aws_default_subnet.default_az2",
            "aws_default_vpc.default",
            "aws_ecr_repository.app_repo",
            "aws_ecs_cluster.app_cluster",
            "aws_ecs_service.app_service",
            "aws_ecs_task_definition.app_task",
            "aws_iam_role.codebuild_role",
            "aws_iam_role.codepipeline_role",
            "aws_iam_role.ecs_task_execution_role",
            "aws_iam_role.eventbridge_role",
            "aws_lb.app",
            "aws_lb_listener.app",
            "aws_lb_target_group.app",
            "aws_s3_bucket.codepipeline_bucket",
            "aws_security_group.alb",
            "aws_security_group.ecs_tasks"
          ]
        }
      ]
    },
    {
      "mode": "managed",
      "type": "aws_cloudwatch_log_group",
      "name": "app_logs",
      "provider": "provider[\"registry.terraform.io/hashicorp/aws\"]",
      "instances": [
        {
          "schema_version": 0,
          "attributes": {
            "arn": "arn:aws:logs:us-east-1:780147879176:log-group:/ecs/nestjs-app",
            "id": "/ecs/nestjs-app",
            "kms_key_id": "",
            "log_group_class": "STANDARD",
            "name": "/ecs/nestjs-app",
            "name_prefix": "",
            "retention_in_days": 30,
            "skip_destroy": false,
            "tags": {
              "Environment": "dev",
              "Name": "nestjs-app-logs"
            },
            "tags_all": {
              "Environment": "dev",
              "Name": "nestjs-app-logs"
            }
          },
          "sensitive_attributes": [],
          "private": "bnVsbA=="
        }
      ]
    },
    {
      "mode": "managed",
      "type": "aws_codebuild_project",
      "name": "deploy_project",
      "provider": "provider[\"registry.terraform.io/hashicorp/aws\"]",
      "instances": [
        {
          "schema_version": 0,
          "attributes": {
            "arn": "arn:aws:codebuild:us-east-1:780147879176:project/nestjs-app-deploy",
            "artifacts": [
              {
                "artifact_identifier": "",
                "bucket_owner_access": "",
                "encryption_disabled": false,
                "location": "",
                "name": "nestjs-app-deploy",
                "namespace_type": "",
                "override_artifact_name": false,
                "packaging": "NONE",
                "path": "",
                "type": "CODEPIPELINE"
              }
            ],
            "badge_enabled": false,
            "badge_url": "",
            "build_batch_config": [],
            "build_timeout": 10,
            "cache": [
              {
                "location": "",
                "modes": [],
                "type": "NO_CACHE"
              }
            ],
            "concurrent_build_limit": 0,
            "description": "Deploy the nestjs-app app to ECS Fargate",
            "encryption_key": "arn:aws:kms:us-east-1:780147879176:alias/aws/s3",
            "environment": [
              {
                "certificate": "",
                "compute_type": "BUILD_GENERAL1_SMALL",
                "environment_variable": [
                  {
                    "name": "CLUSTER_NAME",
                    "type": "PLAINTEXT",
                    "value": "nestjs-app-cluster"
                  },
                  {
                    "name": "SERVICE_NAME",
                    "type": "PLAINTEXT",
                    "value": "nestjs-app-service"
                  },
                  {
                    "name": "AWS_DEFAULT_REGION",
                    "type": "PLAINTEXT",
                    "value": "us-east-1"
                  },
                  {
                    "name": "AWS_ACCOUNT_ID",
                    "type": "PLAINTEXT",
                    "value": "780147879176"
                  }
                ],
                "fleet": [],
                "image": "aws/codebuild/amazonlinux2-x86_64-standard:3.0",
                "image_pull_credentials_type": "CODEBUILD",
                "privileged_mode": true,
                "registry_credential": [],
                "type": "LINUX_CONTAINER"
              }
            ],
            "file_system_locations": [],
            "id": "arn:aws:codebuild:us-east-1:780147879176:project/nestjs-app-deploy",
            "logs_config": [
              {
                "cloudwatch_logs": [
                  {
                    "group_name": "",
                    "status": "ENABLED",
                    "stream_name": ""
                  }
                ],
                "s3_logs": [
                  {
                    "bucket_owner_access": "",
                    "encryption_disabled": false,
                    "location": "",
                    "status": "DISABLED"
                  }
                ]
              }
            ],
            "name": "nestjs-app-deploy",
            "project_visibility": "PRIVATE",
            "public_project_alias": "",
            "queued_timeout": 480,
            "resource_access_role": "",
            "secondary_artifacts": [],
            "secondary_source_version": [],
            "secondary_sources": [],
            "service_role": "arn:aws:iam::780147879176:role/nestjs-app-codebuild-role",
            "source": [
              {
                "auth": [],
                "build_status_config": [],
                "buildspec": "version: 0.2\nphases:\n  pre_build:\n    commands:\n      - echo Pre-build phase...\n      - aws ecr get-login-password --region $AWS_DEFAULT_REGION | docker login --username AWS --password-stdin $AWS_ACCOUNT_ID.dkr.ecr.$AWS_DEFAULT_REGION.amazonaws.com\n  build:\n    commands:\n      - echo Starting the deployment to ECS...\n      - aws ecs update-service --cluster $CLUSTER_NAME --service $SERVICE_NAME --force-new-deployment\n  post_build:\n    commands:\n      - echo Deployment to ECS completed successfully\n",
                "git_clone_depth": 0,
                "git_submodules_config": [],
                "insecure_ssl": false,
                "location": "",
                "report_build_status": false,
                "type": "CODEPIPELINE"
              }
            ],
            "source_version": "",
            "tags": {},
            "tags_all": {},
            "vpc_config": []
          },
          "sensitive_attributes": [],
          "private": "bnVsbA==",
          "dependencies": [
            "aws_cloudwatch_log_group.app_logs",
            "aws_default_subnet.default_az1",
            "aws_default_subnet.default_az2",
            "aws_default_vpc.default",
            "aws_ecr_repository.app_repo",
            "aws_ecs_cluster.app_cluster",
            "aws_ecs_service.app_service",
            "aws_ecs_task_definition.app_task",
            "aws_iam_role.codebuild_role",
            "aws_iam_role.ecs_task_execution_role",
            "aws_lb.app",
            "aws_lb_listener.app",
            "aws_lb_target_group.app",
            "aws_security_group.alb",
            "aws_security_group.ecs_tasks"
          ]
        }
      ]
    },
    {
      "mode": "managed",
      "type": "aws_codepipeline",
      "name": "app_pipeline",
      "provider": "provider[\"registry.terraform.io/hashicorp/aws\"]",
      "instances": [
        {
          "schema_version": 0,
          "attributes": {
            "arn": "arn:aws:codepipeline:us-east-1:780147879176:nestjs-app-pipeline",
            "artifact_store": [
              {
                "encryption_key": [],
                "location": "nestjs-app-dev-pipeline-artifacts",
                "region": "",
                "type": "S3"
              }
            ],
            "execution_mode": "SUPERSEDED",
            "id": "nestjs-app-pipeline",
            "name": "nestjs-app-pipeline",
            "pipeline_type": "V1",
            "role_arn": "arn:aws:iam::780147879176:role/nestjs-app-codepipeline-role",
            "stage": [
              {
                "action": [
                  {
                    "category": "Source",
                    "configuration": {
                      "ImageTag": "latest",
                      "RepositoryName": "nestjs-app"
                    },
                    "input_artifacts": [],
                    "name": "Source",
                    "namespace": "",
                    "output_artifacts": [
                      "source_output"
                    ],
                    "owner": "AWS",
                    "provider": "ECR",
                    "region": "",
                    "role_arn": "",
                    "run_order": 1,
                    "timeout_in_minutes": 0,
                    "version": "1"
                  }
                ],
                "before_entry": [],
                "name": "Source",
                "on_failure": [],
                "on_success": []
              },
              {
                "action": [
                  {
                    "category": "Build",
                    "configuration": {
                      "EnvironmentVariables": "[{\"name\":\"AWS_ACCOUNT_ID\",\"type\":\"PLAINTEXT\",\"value\":\"780147879176\"},{\"name\":\"AWS_DEFAULT_REGION\",\"type\":\"PLAINTEXT\",\"value\":\"us-east-1\"}]",
                      "ProjectName": "nestjs-app-deploy"
                    },
                    "input_artifacts": [
                      "source_output"
                    ],
                    "name": "Deploy",
                    "namespace": "",
                    "output_artifacts": [],
                    "owner": "AWS",
                    "provider": "CodeBuild",
                    "region": "",
                    "role_arn": "",
                    "run_order": 1,
                    "timeout_in_minutes": 0,
                    "version": "1"
                  }
                ],
                "before_entry": [],
                "name": "Deploy",
                "on_failure": [],
                "on_success": []
              }
            ],
            "tags": {
              "Environment": "dev",
              "Name": "nestjs-app-pipeline"
            },
            "tags_all": {
              "Environment": "dev",
              "Name": "nestjs-app-pipeline"
            },
            "trigger": [],
            "trigger_all": [],
            "variable": []
          },
          "sensitive_attributes": [],
          "private": "bnVsbA==",
          "dependencies": [
            "aws_cloudwatch_log_group.app_logs",
            "aws_codebuild_project.deploy_project",
            "aws_default_subnet.default_az1",
            "aws_default_subnet.default_az2",
            "aws_default_vpc.default",
            "aws_ecr_repository.app_repo",
            "aws_ecs_cluster.app_cluster",
            "aws_ecs_service.app_service",
            "aws_ecs_task_definition.app_task",
            "aws_iam_role.codebuild_role",
            "aws_iam_role.codepipeline_role",
            "aws_iam_role.ecs_task_execution_role",
            "aws_lb.app",
            "aws_lb_listener.app",
            "aws_lb_target_group.app",
            "aws_s3_bucket.codepipeline_bucket",
            "aws_security_group.alb",
            "aws_security_group.ecs_tasks"
          ]
        }
      ]
    },
    {
      "mode": "managed",
      "type": "aws_default_subnet",
      "name": "default_az1",
      "provider": "provider[\"registry.terraform.io/hashicorp/aws\"]",
      "instances": [
        {
          "schema_version": 1,
          "attributes": {
            "arn": "arn:aws:ec2:us-east-1:780147879176:subnet/subnet-0359ca66332595959",
            "assign_ipv6_address_on_creation": false,
            "availability_zone": "us-east-1a",
            "availability_zone_id": "use1-az2",
            "cidr_block": "172.31.16.0/20",
            "customer_owned_ipv4_pool": "",
            "enable_dns64": false,
            "enable_lni_at_device_index": 0,
            "enable_resource_name_dns_a_record_on_launch": false,
            "enable_resource_name_dns_aaaa_record_on_launch": false,
            "existing_default_subnet": true,
            "force_destroy": false,
            "id": "subnet-0359ca66332595959",
            "ipv6_cidr_block": "",
            "ipv6_cidr_block_association_id": "",
            "ipv6_native": false,
            "map_customer_owned_ip_on_launch": false,
            "map_public_ip_on_launch": true,
            "outpost_arn": "",
            "owner_id": "780147879176",
            "private_dns_hostname_type_on_launch": "ip-name",
            "tags": {},
            "tags_all": {},
            "timeouts": null,
            "vpc_id": "vpc-0a5bf46d87d2190a6"
          },
          "sensitive_attributes": [],
          "private": "eyJlMmJmYjczMC1lY2FhLTExZTYtOGY4OC0zNDM2M2JjN2M0YzAiOnsiY3JlYXRlIjo2MDAwMDAwMDAwMDAsImRlbGV0ZSI6MTIwMDAwMDAwMDAwMH0sInNjaGVtYV92ZXJzaW9uIjoiMSJ9"
        }
      ]
    },
    {
      "mode": "managed",
      "type": "aws_default_subnet",
      "name": "default_az2",
      "provider": "provider[\"registry.terraform.io/hashicorp/aws\"]",
      "instances": [
        {
          "schema_version": 1,
          "attributes": {
            "arn": "arn:aws:ec2:us-east-1:780147879176:subnet/subnet-0cfae291e0d5d76c0",
            "assign_ipv6_address_on_creation": false,
            "availability_zone": "us-east-1b",
            "availability_zone_id": "use1-az4",
            "cidr_block": "172.31.0.0/20",
            "customer_owned_ipv4_pool": "",
            "enable_dns64": false,
            "enable_lni_at_device_index": 0,
            "enable_resource_name_dns_a_record_on_launch": false,
            "enable_resource_name_dns_aaaa_record_on_launch": false,
            "existing_default_subnet": true,
            "force_destroy": false,
            "id": "subnet-0cfae291e0d5d76c0",
            "ipv6_cidr_block": "",
            "ipv6_cidr_block_association_id": "",
            "ipv6_native": false,
            "map_customer_owned_ip_on_launch": false,
            "map_public_ip_on_launch": true,
            "outpost_arn": "",
            "owner_id": "780147879176",
            "private_dns_hostname_type_on_launch": "ip-name",
            "tags": {},
            "tags_all": {},
            "timeouts": null,
            "vpc_id": "vpc-0a5bf46d87d2190a6"
          },
          "sensitive_attributes": [],
          "private": "eyJlMmJmYjczMC1lY2FhLTExZTYtOGY4OC0zNDM2M2JjN2M0YzAiOnsiY3JlYXRlIjo2MDAwMDAwMDAwMDAsImRlbGV0ZSI6MTIwMDAwMDAwMDAwMH0sInNjaGVtYV92ZXJzaW9uIjoiMSJ9"
        }
      ]
    },
    {
      "mode": "managed",
      "type": "aws_default_vpc",
      "name": "default",
      "provider": "provider[\"registry.terraform.io/hashicorp/aws\"]",
      "instances": [
        {
          "schema_version": 1,
          "attributes": {
            "arn": "arn:aws:ec2:us-east-1:780147879176:vpc/vpc-0a5bf46d87d2190a6",
            "assign_generated_ipv6_cidr_block": false,
            "cidr_block": "172.31.0.0/16",
            "default_network_acl_id": "acl-02cabc4a522ea22c4",
            "default_route_table_id": "rtb-03c47e122febc42a7",
            "default_security_group_id": "sg-0b24accecabd09de3",
            "dhcp_options_id": "dopt-08ec4e7c14be999d6",
            "enable_dns_hostnames": true,
            "enable_dns_support": true,
            "enable_network_address_usage_metrics": false,
            "existing_default_vpc": true,
            "force_destroy": false,
            "id": "vpc-0a5bf46d87d2190a6",
            "instance_tenancy": "default",
            "ipv6_association_id": "",
            "ipv6_cidr_block": "",
            "ipv6_cidr_block_network_border_group": "",
            "ipv6_ipam_pool_id": "",
            "ipv6_netmask_length": 0,
            "main_route_table_id": "rtb-03c47e122febc42a7",
            "owner_id": "780147879176",
            "tags": {
              "Name": "Default VPC"
            },
            "tags_all": {
              "Name": "Default VPC"
            }
          },
          "sensitive_attributes": [],
          "private": "eyJzY2hlbWFfdmVyc2lvbiI6IjEifQ=="
        }
      ]
    },
    {
      "mode": "managed",
      "type": "aws_ecr_repository",
      "name": "app_repo",
      "provider": "provider[\"registry.terraform.io/hashicorp/aws\"]",
      "instances": [
        {
          "schema_version": 0,
          "attributes": {
            "arn": "arn:aws:ecr:us-east-1:780147879176:repository/nestjs-app",
            "encryption_configuration": [
              {
                "encryption_type": "AES256",
                "kms_key": ""
              }
            ],
            "force_delete": null,
            "id": "nestjs-app",
            "image_scanning_configuration": [
              {
                "scan_on_push": true
              }
            ],
            "image_tag_mutability": "MUTABLE",
            "name": "nestjs-app",
            "registry_id": "780147879176",
            "repository_url": "780147879176.dkr.ecr.us-east-1.amazonaws.com/nestjs-app",
            "tags": {
              "Environment": "dev",
              "Name": "nestjs-app"
            },
            "tags_all": {
              "Environment": "dev",
              "Name": "nestjs-app"
            },
            "timeouts": null
          },
          "sensitive_attributes": [],
          "private": "eyJlMmJmYjczMC1lY2FhLTExZTYtOGY4OC0zNDM2M2JjN2M0YzAiOnsiZGVsZXRlIjoxMjAwMDAwMDAwMDAwfX0="
        }
      ]
    },
    {
      "mode": "managed",
      "type": "aws_ecr_repository_policy",
      "name": "app_repo_policy",
      "provider": "provider[\"registry.terraform.io/hashicorp/aws\"]",
      "instances": [
        {
          "schema_version": 0,
          "attributes": {
            "id": "nestjs-app",
            "policy": "{\"Statement\":[{\"Action\":[\"ecr:GetDownloadUrlForLayer\",\"ecr:BatchGetImage\",\"ecr:BatchCheckLayerAvailability\",\"ecr:PutImage\",\"ecr:InitiateLayerUpload\",\"ecr:UploadLayerPart\",\"ecr:CompleteLayerUpload\"],\"Effect\":\"Allow\",\"Principal\":{\"Service\":\"codebuild.amazonaws.com\"},\"Sid\":\"AllowPushPull\"}],\"Version\":\"2012-10-17\"}",
            "registry_id": "780147879176",
            "repository": "nestjs-app"
          },
          "sensitive_attributes": [],
          "private": "bnVsbA==",
          "dependencies": [
            "aws_ecr_repository.app_repo"
          ]
        }
      ]
    },
    {
      "mode": "managed",
      "type": "aws_ecs_cluster",
      "name": "app_cluster",
      "provider": "provider[\"registry.terraform.io/hashicorp/aws\"]",
      "instances": [
        {
          "schema_version": 0,
          "attributes": {
            "arn": "arn:aws:ecs:us-east-1:780147879176:cluster/nestjs-app-cluster",
            "configuration": [],
            "id": "arn:aws:ecs:us-east-1:780147879176:cluster/nestjs-app-cluster",
            "name": "nestjs-app-cluster",
            "service_connect_defaults": [],
            "setting": [
              {
                "name": "containerInsights",
                "value": "enabled"
              }
            ],
            "tags": {
              "Environment": "dev",
              "Name": "nestjs-app-cluster"
            },
            "tags_all": {
              "Environment": "dev",
              "Name": "nestjs-app-cluster"
            }
          },
          "sensitive_attributes": [],
          "private": "bnVsbA=="
        }
      ]
    },
    {
      "mode": "managed",
      "type": "aws_ecs_service",
      "name": "app_service",
      "provider": "provider[\"registry.terraform.io/hashicorp/aws\"]",
      "instances": [
        {
          "schema_version": 1,
          "attributes": {
            "alarms": [],
            "availability_zone_rebalancing": "DISABLED",
            "capacity_provider_strategy": [],
            "cluster": "arn:aws:ecs:us-east-1:780147879176:cluster/nestjs-app-cluster",
            "deployment_circuit_breaker": [
              {
                "enable": false,
                "rollback": false
              }
            ],
            "deployment_controller": [
              {
                "type": "ECS"
              }
            ],
            "deployment_maximum_percent": 200,
            "deployment_minimum_healthy_percent": 100,
            "desired_count": 1,
            "enable_ecs_managed_tags": false,
            "enable_execute_command": false,
            "force_delete": null,
            "force_new_deployment": null,
            "health_check_grace_period_seconds": 0,
            "iam_role": "/aws-service-role/ecs.amazonaws.com/AWSServiceRoleForECS",
            "id": "arn:aws:ecs:us-east-1:780147879176:service/nestjs-app-cluster/nestjs-app-service",
            "launch_type": "FARGATE",
            "load_balancer": [
              {
                "container_name": "nestjs-app",
                "container_port": 3000,
                "elb_name": "",
                "target_group_arn": "arn:aws:elasticloadbalancing:us-east-1:780147879176:targetgroup/nestjs-app-tg/7c52f40a037a3e67"
              }
            ],
            "name": "nestjs-app-service",
            "network_configuration": [
              {
                "assign_public_ip": true,
                "security_groups": [
                  "sg-08c2abd37831b681e"
                ],
                "subnets": [
                  "subnet-0359ca66332595959",
                  "subnet-0cfae291e0d5d76c0"
                ]
              }
            ],
            "ordered_placement_strategy": [],
            "placement_constraints": [],
            "platform_version": "LATEST",
            "propagate_tags": "NONE",
            "scheduling_strategy": "REPLICA",
            "service_connect_configuration": [],
            "service_registries": [],
            "tags": {
              "Environment": "dev",
              "Name": "nestjs-app-service"
            },
            "tags_all": {
              "Environment": "dev",
              "Name": "nestjs-app-service"
            },
            "task_definition": "arn:aws:ecs:us-east-1:780147879176:task-definition/nestjs-app:3",
            "timeouts": null,
            "triggers": {},
            "volume_configuration": [],
            "vpc_lattice_configurations": [],
            "wait_for_steady_state": false
          },
          "sensitive_attributes": [],
          "private": "eyJlMmJmYjczMC1lY2FhLTExZTYtOGY4OC0zNDM2M2JjN2M0YzAiOnsiY3JlYXRlIjoxMjAwMDAwMDAwMDAwLCJkZWxldGUiOjEyMDAwMDAwMDAwMDAsInVwZGF0ZSI6MTIwMDAwMDAwMDAwMH0sInNjaGVtYV92ZXJzaW9uIjoiMSJ9",
          "dependencies": [
            "aws_cloudwatch_log_group.app_logs",
            "aws_default_subnet.default_az1",
            "aws_default_subnet.default_az2",
            "aws_default_vpc.default",
            "aws_ecr_repository.app_repo",
            "aws_ecs_cluster.app_cluster",
            "aws_ecs_task_definition.app_task",
            "aws_iam_role.ecs_task_execution_role",
            "aws_lb.app",
            "aws_lb_listener.app",
            "aws_lb_target_group.app",
            "aws_security_group.alb",
            "aws_security_group.ecs_tasks"
          ]
        }
      ]
    },
    {
      "mode": "managed",
      "type": "aws_ecs_task_definition",
      "name": "app_task",
      "provider": "provider[\"registry.terraform.io/hashicorp/aws\"]",
      "instances": [
        {
          "schema_version": 1,
          "attributes": {
            "arn": "arn:aws:ecs:us-east-1:780147879176:task-definition/nestjs-app:3",
            "arn_without_revision": "arn:aws:ecs:us-east-1:780147879176:task-definition/nestjs-app",
            "container_definitions": "[{\"environment\":[],\"essential\":true,\"image\":\"780147879176.dkr.ecr.us-east-1.amazonaws.com/nestjs-app:latest\",\"logConfiguration\":{\"logDriver\":\"awslogs\",\"options\":{\"awslogs-group\":\"/ecs/nestjs-app\",\"awslogs-region\":\"us-east-1\",\"awslogs-stream-prefix\":\"ecs\"}},\"mountPoints\":[],\"name\":\"nestjs-app\",\"portMappings\":[{\"containerPort\":3000,\"hostPort\":3000,\"protocol\":\"tcp\"}],\"systemControls\":[],\"volumesFrom\":[]}]",
            "cpu": "256",
            "enable_fault_injection": false,
            "ephemeral_storage": [],
            "execution_role_arn": "arn:aws:iam::780147879176:role/nestjs-app-task-execution-role",
            "family": "nestjs-app",
            "id": "nestjs-app",
            "inference_accelerator": [],
            "ipc_mode": "",
            "memory": "512",
            "network_mode": "awsvpc",
            "pid_mode": "",
            "placement_constraints": [],
            "proxy_configuration": [],
            "requires_compatibilities": [
              "FARGATE"
            ],
            "revision": 3,
            "runtime_platform": [],
            "skip_destroy": false,
            "tags": {
              "Environment": "dev",
              "Name": "nestjs-app-task"
            },
            "tags_all": {
              "Environment": "dev",
              "Name": "nestjs-app-task"
            },
            "task_role_arn": "",
            "track_latest": false,
            "volume": []
          },
          "sensitive_attributes": [],
          "private": "eyJzY2hlbWFfdmVyc2lvbiI6IjEifQ==",
          "dependencies": [
            "aws_cloudwatch_log_group.app_logs",
            "aws_ecr_repository.app_repo",
            "aws_iam_role.ecs_task_execution_role"
          ]
        }
      ]
    },
    {
      "mode": "managed",
      "type": "aws_iam_role",
      "name": "codebuild_role",
      "provider": "provider[\"registry.terraform.io/hashicorp/aws\"]",
      "instances": [
        {
          "schema_version": 0,
          "attributes": {
            "arn": "arn:aws:iam::780147879176:role/nestjs-app-codebuild-role",
            "assume_role_policy": "{\"Statement\":[{\"Action\":\"sts:AssumeRole\",\"Effect\":\"Allow\",\"Principal\":{\"Service\":\"codebuild.amazonaws.com\"}}],\"Version\":\"2012-10-17\"}",
            "create_date": "2025-04-16T03:02:40Z",
            "description": "",
            "force_detach_policies": false,
            "id": "nestjs-app-codebuild-role",
            "inline_policy": [
              {
                "name": "nestjs-app-codebuild-policy",
                "policy": "{\"Version\":\"2012-10-17\",\"Statement\":[{\"Action\":[\"logs:CreateLogGroup\",\"logs:CreateLogStream\",\"logs:PutLogEvents\"],\"Effect\":\"Allow\",\"Resource\":\"*\"},{\"Action\":[\"s3:GetObject\",\"s3:GetObjectVersion\",\"s3:PutObject\"],\"Effect\":\"Allow\",\"Resource\":[\"arn:aws:s3:::nestjs-app-dev-pipeline-artifacts/*\"]},{\"Action\":[\"ecr:GetAuthorizationToken\",\"ecr:BatchCheckLayerAvailability\",\"ecr:GetDownloadUrlForLayer\",\"ecr:BatchGetImage\",\"ecr:InitiateLayerUpload\",\"ecr:UploadLayerPart\",\"ecr:CompleteLayerUpload\",\"ecr:PutImage\"],\"Effect\":\"Allow\",\"Resource\":\"*\"},{\"Action\":[\"ecs:UpdateService\",\"ecs:DescribeServices\"],\"Effect\":\"Allow\",\"Resource\":\"arn:aws:ecs:us-east-1:780147879176:service/nestjs-app-cluster/nestjs-app-service\"}]}"
              }
            ],
            "managed_policy_arns": [],
            "max_session_duration": 3600,
            "name": "nestjs-app-codebuild-role",
            "name_prefix": "",
            "path": "/",
            "permissions_boundary": "",
            "tags": {},
            "tags_all": {},
            "unique_id": "AROA3LJDP5UELLND4HKFD"
          },
          "sensitive_attributes": [],
          "private": "bnVsbA=="
        }
      ]
    },
    {
      "mode": "managed",
      "type": "aws_iam_role",
      "name": "codepipeline_role",
      "provider": "provider[\"registry.terraform.io/hashicorp/aws\"]",
      "instances": [
        {
          "schema_version": 0,
          "attributes": {
            "arn": "arn:aws:iam::780147879176:role/nestjs-app-codepipeline-role",
            "assume_role_policy": "{\"Statement\":[{\"Action\":\"sts:AssumeRole\",\"Effect\":\"Allow\",\"Principal\":{\"Service\":\"codepipeline.amazonaws.com\"}}],\"Version\":\"2012-10-17\"}",
            "create_date": "2025-04-16T03:02:39Z",
            "description": "",
            "force_detach_policies": false,
            "id": "nestjs-app-codepipeline-role",
            "inline_policy": [
              {
                "name": "nestjs-app-codepipeline-policy",
                "policy": "{\"Version\":\"2012-10-17\",\"Statement\":[{\"Action\":[\"s3:GetObject\",\"s3:GetObjectVersion\",\"s3:GetBucketVersioning\",\"s3:PutObject\"],\"Effect\":\"Allow\",\"Resource\":[\"arn:aws:s3:::nestjs-app-dev-pipeline-artifacts\",\"arn:aws:s3:::nestjs-app-dev-pipeline-artifacts/*\"]},{\"Action\":[\"codebuild:BatchGetBuilds\",\"codebuild:StartBuild\"],\"Effect\":\"Allow\",\"Resource\":\"*\"},{\"Action\":[\"ecs:DescribeServices\",\"ecs:DescribeTaskDefinition\",\"ecs:DescribeTasks\",\"ecs:ListTasks\",\"ecs:RegisterTaskDefinition\",\"ecs:UpdateService\"],\"Effect\":\"Allow\",\"Resource\":\"*\"},{\"Action\":[\"ecr:DescribeImages\"],\"Effect\":\"Allow\",\"Resource\":\"arn:aws:ecr:us-east-1:780147879176:repository/nestjs-app\"},{\"Action\":[\"ecr:GetAuthorizationToken\",\"ecr:BatchCheckLayerAvailability\",\"ecr:GetDownloadUrlForLayer\",\"ecr:BatchGetImage\",\"ecr:DescribeImages\",\"ecr:GetDownloadUrlForLayer\"],\"Effect\":\"Allow\",\"Resource\":\"*\"}]}"
              }
            ],
            "managed_policy_arns": [],
            "max_session_duration": 3600,
            "name": "nestjs-app-codepipeline-role",
            "name_prefix": "",
            "path": "/",
            "permissions_boundary": "",
            "tags": {},
            "tags_all": {},
            "unique_id": "AROA3LJDP5UEC2PFGCJE6"
          },
          "sensitive_attributes": [],
          "private": "bnVsbA=="
        }
      ]
    },
    {
      "mode": "managed",
      "type": "aws_iam_role",
      "name": "ecs_task_execution_role",
      "provider": "provider[\"registry.terraform.io/hashicorp/aws\"]",
      "instances": [
        {
          "schema_version": 0,
          "attributes": {
            "arn": "arn:aws:iam::780147879176:role/nestjs-app-task-execution-role",
            "assume_role_policy": "{\"Statement\":[{\"Action\":\"sts:AssumeRole\",\"Effect\":\"Allow\",\"Principal\":{\"Service\":\"ecs-tasks.amazonaws.com\"}}],\"Version\":\"2012-10-17\"}",
            "create_date": "2025-04-16T03:02:39Z",
            "description": "",
            "force_detach_policies": false,
            "id": "nestjs-app-task-execution-role",
            "inline_policy": [],
            "managed_policy_arns": [
              "arn:aws:iam::aws:policy/service-role/AmazonECSTaskExecutionRolePolicy"
            ],
            "max_session_duration": 3600,
            "name": "nestjs-app-task-execution-role",
            "name_prefix": "",
            "path": "/",
            "permissions_boundary": "",
            "tags": {},
            "tags_all": {},
            "unique_id": "AROA3LJDP5UEGWCITPA6D"
          },
          "sensitive_attributes": [],
          "private": "bnVsbA=="
        }
      ]
    },
    {
      "mode": "managed",
      "type": "aws_iam_role",
      "name": "eventbridge_role",
      "provider": "provider[\"registry.terraform.io/hashicorp/aws\"]",
      "instances": [
        {
          "schema_version": 0,
          "attributes": {
            "arn": "arn:aws:iam::780147879176:role/nestjs-app-eventbridge-role",
            "assume_role_policy": "{\"Statement\":[{\"Action\":\"sts:AssumeRole\",\"Effect\":\"Allow\",\"Principal\":{\"Service\":\"events.amazonaws.com\"}}],\"Version\":\"2012-10-17\"}",
            "create_date": "2025-04-16T03:02:39Z",
            "description": "",
            "force_detach_policies": false,
            "id": "nestjs-app-eventbridge-role",
            "inline_policy": [
              {
                "name": "nestjs-app-eventbridge-policy",
                "policy": "{\"Version\":\"2012-10-17\",\"Statement\":[{\"Action\":\"codepipeline:StartPipelineExecution\",\"Effect\":\"Allow\",\"Resource\":\"arn:aws:codepipeline:us-east-1:780147879176:nestjs-app-pipeline\"}]}"
              }
            ],
            "managed_policy_arns": [],
            "max_session_duration": 3600,
            "name": "nestjs-app-eventbridge-role",
            "name_prefix": "",
            "path": "/",
            "permissions_boundary": "",
            "tags": {},
            "tags_all": {},
            "unique_id": "AROA3LJDP5UEENNM3JOIH"
          },
          "sensitive_attributes": [],
          "private": "bnVsbA=="
        }
      ]
    },
    {
      "mode": "managed",
      "type": "aws_iam_role_policy",
      "name": "codebuild_policy",
      "provider": "provider[\"registry.terraform.io/hashicorp/aws\"]",
      "instances": [
        {
          "schema_version": 0,
          "attributes": {
            "id": "nestjs-app-codebuild-role:nestjs-app-codebuild-policy",
            "name": "nestjs-app-codebuild-policy",
            "name_prefix": "",
            "policy": "{\"Version\":\"2012-10-17\",\"Statement\":[{\"Action\":[\"logs:CreateLogGroup\",\"logs:CreateLogStream\",\"logs:PutLogEvents\"],\"Effect\":\"Allow\",\"Resource\":\"*\"},{\"Action\":[\"s3:GetObject\",\"s3:GetObjectVersion\",\"s3:PutObject\"],\"Effect\":\"Allow\",\"Resource\":[\"arn:aws:s3:::nestjs-app-dev-pipeline-artifacts/*\"]},{\"Action\":[\"ecr:GetAuthorizationToken\",\"ecr:BatchCheckLayerAvailability\",\"ecr:GetDownloadUrlForLayer\",\"ecr:BatchGetImage\",\"ecr:InitiateLayerUpload\",\"ecr:UploadLayerPart\",\"ecr:CompleteLayerUpload\",\"ecr:PutImage\"],\"Effect\":\"Allow\",\"Resource\":\"*\"},{\"Action\":[\"ecs:UpdateService\",\"ecs:DescribeServices\"],\"Effect\":\"Allow\",\"Resource\":\"arn:aws:ecs:us-east-1:780147879176:service/nestjs-app-cluster/nestjs-app-service\"}]}",
            "role": "nestjs-app-codebuild-role"
          },
          "sensitive_attributes": [],
          "private": "bnVsbA==",
          "dependencies": [
            "aws_cloudwatch_log_group.app_logs",
            "aws_default_subnet.default_az1",
            "aws_default_subnet.default_az2",
            "aws_default_vpc.default",
            "aws_ecr_repository.app_repo",
            "aws_ecs_cluster.app_cluster",
            "aws_ecs_service.app_service",
            "aws_ecs_task_definition.app_task",
            "aws_iam_role.codebuild_role",
            "aws_iam_role.ecs_task_execution_role",
            "aws_lb.app",
            "aws_lb_listener.app",
            "aws_lb_target_group.app",
            "aws_s3_bucket.codepipeline_bucket",
            "aws_security_group.alb",
            "aws_security_group.ecs_tasks"
          ]
        }
      ]
    },
    {
      "mode": "managed",
      "type": "aws_iam_role_policy",
      "name": "codepipeline_policy",
      "provider": "provider[\"registry.terraform.io/hashicorp/aws\"]",
      "instances": [
        {
          "schema_version": 0,
          "attributes": {
            "id": "nestjs-app-codepipeline-role:nestjs-app-codepipeline-policy",
            "name": "nestjs-app-codepipeline-policy",
            "name_prefix": "",
            "policy": "{\"Version\":\"2012-10-17\",\"Statement\":[{\"Action\":[\"s3:GetObject\",\"s3:GetObjectVersion\",\"s3:GetBucketVersioning\",\"s3:PutObject\"],\"Effect\":\"Allow\",\"Resource\":[\"arn:aws:s3:::nestjs-app-dev-pipeline-artifacts\",\"arn:aws:s3:::nestjs-app-dev-pipeline-artifacts/*\"]},{\"Action\":[\"codebuild:BatchGetBuilds\",\"codebuild:StartBuild\"],\"Effect\":\"Allow\",\"Resource\":\"*\"},{\"Action\":[\"ecs:DescribeServices\",\"ecs:DescribeTaskDefinition\",\"ecs:DescribeTasks\",\"ecs:ListTasks\",\"ecs:RegisterTaskDefinition\",\"ecs:UpdateService\"],\"Effect\":\"Allow\",\"Resource\":\"*\"},{\"Action\":[\"ecr:DescribeImages\"],\"Effect\":\"Allow\",\"Resource\":\"arn:aws:ecr:us-east-1:780147879176:repository/nestjs-app\"},{\"Action\":[\"ecr:GetAuthorizationToken\",\"ecr:BatchCheckLayerAvailability\",\"ecr:GetDownloadUrlForLayer\",\"ecr:BatchGetImage\",\"ecr:DescribeImages\",\"ecr:GetDownloadUrlForLayer\"],\"Effect\":\"Allow\",\"Resource\":\"*\"}]}",
            "role": "nestjs-app-codepipeline-role"
          },
          "sensitive_attributes": [],
          "private": "bnVsbA==",
          "dependencies": [
            "aws_ecr_repository.app_repo",
            "aws_iam_role.codepipeline_role",
            "aws_s3_bucket.codepipeline_bucket"
          ]
        }
      ]
    },
    {
      "mode": "managed",
      "type": "aws_iam_role_policy",
      "name": "eventbridge_policy",
      "provider": "provider[\"registry.terraform.io/hashicorp/aws\"]",
      "instances": [
        {
          "schema_version": 0,
          "attributes": {
            "id": "nestjs-app-eventbridge-role:nestjs-app-eventbridge-policy",
            "name": "nestjs-app-eventbridge-policy",
            "name_prefix": "",
            "policy": "{\"Version\":\"2012-10-17\",\"Statement\":[{\"Action\":\"codepipeline:StartPipelineExecution\",\"Effect\":\"Allow\",\"Resource\":\"arn:aws:codepipeline:us-east-1:780147879176:nestjs-app-pipeline\"}]}",
            "role": "nestjs-app-eventbridge-role"
          },
          "sensitive_attributes": [],
          "private": "bnVsbA==",
          "dependencies": [
            "aws_cloudwatch_log_group.app_logs",
            "aws_codebuild_project.deploy_project",
            "aws_codepipeline.app_pipeline",
            "aws_default_subnet.default_az1",
            "aws_default_subnet.default_az2",
            "aws_default_vpc.default",
            "aws_ecr_repository.app_repo",
            "aws_ecs_cluster.app_cluster",
            "aws_ecs_service.app_service",
            "aws_ecs_task_definition.app_task",
            "aws_iam_role.codebuild_role",
            "aws_iam_role.codepipeline_role",
            "aws_iam_role.ecs_task_execution_role",
            "aws_iam_role.eventbridge_role",
            "aws_lb.app",
            "aws_lb_listener.app",
            "aws_lb_target_group.app",
            "aws_s3_bucket.codepipeline_bucket",
            "aws_security_group.alb",
            "aws_security_group.ecs_tasks"
          ]
        }
      ]
    },
    {
      "mode": "managed",
      "type": "aws_iam_role_policy_attachment",
      "name": "ecs_task_execution_role_policy",
      "provider": "provider[\"registry.terraform.io/hashicorp/aws\"]",
      "instances": [
        {
          "schema_version": 0,
          "attributes": {
            "id": "nestjs-app-task-execution-role-20250416030240452200000001",
            "policy_arn": "arn:aws:iam::aws:policy/service-role/AmazonECSTaskExecutionRolePolicy",
            "role": "nestjs-app-task-execution-role"
          },
          "sensitive_attributes": [],
          "private": "bnVsbA==",
          "dependencies": [
            "aws_iam_role.ecs_task_execution_role"
          ]
        }
      ]
    },
    {
      "mode": "managed",
      "type": "aws_lb",
      "name": "app",
      "provider": "provider[\"registry.terraform.io/hashicorp/aws\"]",
      "instances": [
        {
          "schema_version": 0,
          "attributes": {
            "access_logs": [
              {
                "bucket": "",
                "enabled": false,
                "prefix": ""
              }
            ],
            "arn": "arn:aws:elasticloadbalancing:us-east-1:780147879176:loadbalancer/app/nestjs-app-alb/afff10bb151897b2",
            "arn_suffix": "app/nestjs-app-alb/afff10bb151897b2",
            "client_keep_alive": 3600,
            "connection_logs": [
              {
                "bucket": "",
                "enabled": false,
                "prefix": ""
              }
            ],
            "customer_owned_ipv4_pool": "",
            "desync_mitigation_mode": "defensive",
            "dns_name": "nestjs-app-alb-1117839294.us-east-1.elb.amazonaws.com",
            "dns_record_client_routing_policy": null,
            "drop_invalid_header_fields": false,
            "enable_cross_zone_load_balancing": true,
            "enable_deletion_protection": false,
            "enable_http2": true,
            "enable_tls_version_and_cipher_suite_headers": false,
            "enable_waf_fail_open": false,
            "enable_xff_client_port": false,
            "enable_zonal_shift": false,
            "enforce_security_group_inbound_rules_on_private_link_traffic": "",
            "id": "arn:aws:elasticloadbalancing:us-east-1:780147879176:loadbalancer/app/nestjs-app-alb/afff10bb151897b2",
            "idle_timeout": 60,
            "internal": false,
            "ip_address_type": "ipv4",
            "ipam_pools": [],
            "load_balancer_type": "application",
            "name": "nestjs-app-alb",
            "name_prefix": "",
            "preserve_host_header": false,
            "security_groups": [
              "sg-0d51897061ff21660"
            ],
            "subnet_mapping": [
              {
                "allocation_id": "",
                "ipv6_address": "",
                "outpost_id": "",
                "private_ipv4_address": "",
                "subnet_id": "subnet-0359ca66332595959"
              },
              {
                "allocation_id": "",
                "ipv6_address": "",
                "outpost_id": "",
                "private_ipv4_address": "",
                "subnet_id": "subnet-0cfae291e0d5d76c0"
              }
            ],
            "subnets": [
              "subnet-0359ca66332595959",
              "subnet-0cfae291e0d5d76c0"
            ],
            "tags": {},
            "tags_all": {},
            "timeouts": null,
            "vpc_id": "vpc-0a5bf46d87d2190a6",
            "xff_header_processing_mode": "append",
            "zone_id": "Z35SXDOTRQ7X7K"
          },
          "sensitive_attributes": [],
          "private": "eyJlMmJmYjczMC1lY2FhLTExZTYtOGY4OC0zNDM2M2JjN2M0YzAiOnsiY3JlYXRlIjo2MDAwMDAwMDAwMDAsImRlbGV0ZSI6NjAwMDAwMDAwMDAwLCJ1cGRhdGUiOjYwMDAwMDAwMDAwMH19",
          "dependencies": [
            "aws_default_subnet.default_az1",
            "aws_default_subnet.default_az2",
            "aws_default_vpc.default",
            "aws_security_group.alb"
          ]
        }
      ]
    },
    {
      "mode": "managed",
      "type": "aws_lb_listener",
      "name": "app",
      "provider": "provider[\"registry.terraform.io/hashicorp/aws\"]",
      "instances": [
        {
          "schema_version": 0,
          "attributes": {
            "alpn_policy": null,
            "arn": "arn:aws:elasticloadbalancing:us-east-1:780147879176:listener/app/nestjs-app-alb/afff10bb151897b2/1e12a6ebe0246a18",
            "certificate_arn": null,
            "default_action": [
              {
                "authenticate_cognito": [],
                "authenticate_oidc": [],
                "fixed_response": [],
                "forward": [],
                "order": 1,
                "redirect": [
                  {
                    "host": "#{host}",
                    "path": "/#{path}",
                    "port": "443",
                    "protocol": "HTTPS",
                    "query": "#{query}",
                    "status_code": "HTTP_301"
                  }
                ],
                "target_group_arn": "",
                "type": "redirect"
              }
            ],
            "id": "arn:aws:elasticloadbalancing:us-east-1:780147879176:listener/app/nestjs-app-alb/afff10bb151897b2/1e12a6ebe0246a18",
            "load_balancer_arn": "arn:aws:elasticloadbalancing:us-east-1:780147879176:loadbalancer/app/nestjs-app-alb/afff10bb151897b2",
            "mutual_authentication": [],
            "port": 80,
            "protocol": "HTTP",
            "routing_http_request_x_amzn_mtls_clientcert_header_name": null,
            "routing_http_request_x_amzn_mtls_clientcert_issuer_header_name": null,
            "routing_http_request_x_amzn_mtls_clientcert_leaf_header_name": null,
            "routing_http_request_x_amzn_mtls_clientcert_serial_number_header_name": null,
            "routing_http_request_x_amzn_mtls_clientcert_subject_header_name": null,
            "routing_http_request_x_amzn_mtls_clientcert_validity_header_name": null,
            "routing_http_request_x_amzn_tls_cipher_suite_header_name": null,
            "routing_http_request_x_amzn_tls_version_header_name": null,
            "routing_http_response_access_control_allow_credentials_header_value": "",
            "routing_http_response_access_control_allow_headers_header_value": "",
            "routing_http_response_access_control_allow_methods_header_value": "",
            "routing_http_response_access_control_allow_origin_header_value": "",
            "routing_http_response_access_control_expose_headers_header_value": "",
            "routing_http_response_access_control_max_age_header_value": "",
            "routing_http_response_content_security_policy_header_value": "",
            "routing_http_response_server_enabled": false,
            "routing_http_response_strict_transport_security_header_value": "",
            "routing_http_response_x_content_type_options_header_value": "",
            "routing_http_response_x_frame_options_header_value": "",
            "ssl_policy": "",
            "tags": {},
            "tags_all": {},
            "tcp_idle_timeout_seconds": null,
            "timeouts": null
          },
          "sensitive_attributes": [],
          "private": "eyJlMmJmYjczMC1lY2FhLTExZTYtOGY4OC0zNDM2M2JjN2M0YzAiOnsiY3JlYXRlIjozMDAwMDAwMDAwMDAsInVwZGF0ZSI6MzAwMDAwMDAwMDAwfX0=",
          "dependencies": [
            "aws_default_subnet.default_az1",
            "aws_default_subnet.default_az2",
            "aws_default_vpc.default",
            "aws_lb.app",
            "aws_security_group.alb"
          ]
        }
      ]
    },
    {
      "mode": "managed",
      "type": "aws_lb_listener",
      "name": "https",
      "provider": "provider[\"registry.terraform.io/hashicorp/aws\"]",
      "instances": [
        {
          "schema_version": 0,
          "attributes": {
            "alpn_policy": null,
            "arn": "arn:aws:elasticloadbalancing:us-east-1:780147879176:listener/app/nestjs-app-alb/afff10bb151897b2/003205ad6d3862bf",
            "certificate_arn": "arn:aws:acm:us-east-1:780147879176:certificate/5d05b858-136e-4a79-b390-69d802dc67c4",
            "default_action": [
              {
                "authenticate_cognito": [],
                "authenticate_oidc": [],
                "fixed_response": [],
                "forward": [],
                "order": 1,
                "redirect": [],
                "target_group_arn": "arn:aws:elasticloadbalancing:us-east-1:780147879176:targetgroup/nestjs-app-tg/7c52f40a037a3e67",
                "type": "forward"
              }
            ],
            "id": "arn:aws:elasticloadbalancing:us-east-1:780147879176:listener/app/nestjs-app-alb/afff10bb151897b2/003205ad6d3862bf",
            "load_balancer_arn": "arn:aws:elasticloadbalancing:us-east-1:780147879176:loadbalancer/app/nestjs-app-alb/afff10bb151897b2",
            "mutual_authentication": [
              {
                "advertise_trust_store_ca_names": "",
                "ignore_client_certificate_expiry": false,
                "mode": "off",
                "trust_store_arn": ""
              }
            ],
            "port": 443,
            "protocol": "HTTPS",
            "routing_http_request_x_amzn_mtls_clientcert_header_name": "",
            "routing_http_request_x_amzn_mtls_clientcert_issuer_header_name": "",
            "routing_http_request_x_amzn_mtls_clientcert_leaf_header_name": "",
            "routing_http_request_x_amzn_mtls_clientcert_serial_number_header_name": "",
            "routing_http_request_x_amzn_mtls_clientcert_subject_header_name": "",
            "routing_http_request_x_amzn_mtls_clientcert_validity_header_name": "",
            "routing_http_request_x_amzn_tls_cipher_suite_header_name": "",
            "routing_http_request_x_amzn_tls_version_header_name": "",
            "routing_http_response_access_control_allow_credentials_header_value": "",
            "routing_http_response_access_control_allow_headers_header_value": "",
            "routing_http_response_access_control_allow_methods_header_value": "",
            "routing_http_response_access_control_allow_origin_header_value": "",
            "routing_http_response_access_control_expose_headers_header_value": "",
            "routing_http_response_access_control_max_age_header_value": "",
            "routing_http_response_content_security_policy_header_value": "",
            "routing_http_response_server_enabled": false,
            "routing_http_response_strict_transport_security_header_value": "",
            "routing_http_response_x_content_type_options_header_value": "",
            "routing_http_response_x_frame_options_header_value": "",
            "ssl_policy": "ELBSecurityPolicy-2016-08",
            "tags": {},
            "tags_all": {},
            "tcp_idle_timeout_seconds": null,
            "timeouts": null
          },
          "sensitive_attributes": [],
          "private": "eyJlMmJmYjczMC1lY2FhLTExZTYtOGY4OC0zNDM2M2JjN2M0YzAiOnsiY3JlYXRlIjozMDAwMDAwMDAwMDAsInVwZGF0ZSI6MzAwMDAwMDAwMDAwfX0=",
          "dependencies": [
            "aws_acm_certificate.example",
            "aws_default_subnet.default_az1",
            "aws_default_subnet.default_az2",
            "aws_default_vpc.default",
            "aws_lb.app",
            "aws_lb_target_group.app",
            "aws_security_group.alb",
            "tls_private_key.example",
            "tls_self_signed_cert.example"
          ]
        }
      ]
    },
    {
      "mode": "managed",
      "type": "aws_lb_target_group",
      "name": "app",
      "provider": "provider[\"registry.terraform.io/hashicorp/aws\"]",
      "instances": [
        {
          "schema_version": 0,
          "attributes": {
            "arn": "arn:aws:elasticloadbalancing:us-east-1:780147879176:targetgroup/nestjs-app-tg/7c52f40a037a3e67",
            "arn_suffix": "targetgroup/nestjs-app-tg/7c52f40a037a3e67",
            "connection_termination": null,
            "deregistration_delay": "300",
            "health_check": [
              {
                "enabled": true,
                "healthy_threshold": 3,
                "interval": 30,
                "matcher": "200",
                "path": "/",
                "port": "traffic-port",
                "protocol": "HTTP",
                "timeout": 5,
                "unhealthy_threshold": 3
              }
            ],
            "id": "arn:aws:elasticloadbalancing:us-east-1:780147879176:targetgroup/nestjs-app-tg/7c52f40a037a3e67",
            "ip_address_type": "ipv4",
            "lambda_multi_value_headers_enabled": false,
            "load_balancer_arns": [
              "arn:aws:elasticloadbalancing:us-east-1:780147879176:loadbalancer/app/nestjs-app-alb/afff10bb151897b2"
            ],
            "load_balancing_algorithm_type": "round_robin",
            "load_balancing_anomaly_mitigation": "off",
            "load_balancing_cross_zone_enabled": "use_load_balancer_configuration",
            "name": "nestjs-app-tg",
            "name_prefix": "",
            "port": 3000,
            "preserve_client_ip": null,
            "protocol": "HTTP",
            "protocol_version": "HTTP1",
            "proxy_protocol_v2": false,
            "slow_start": 0,
            "stickiness": [
              {
                "cookie_duration": 86400,
                "cookie_name": "",
                "enabled": false,
                "type": "lb_cookie"
              }
            ],
            "tags": {},
            "tags_all": {},
            "target_failover": [
              {
                "on_deregistration": null,
                "on_unhealthy": null
              }
            ],
            "target_group_health": [
              {
                "dns_failover": [
                  {
                    "minimum_healthy_targets_count": "1",
                    "minimum_healthy_targets_percentage": "off"
                  }
                ],
                "unhealthy_state_routing": [
                  {
                    "minimum_healthy_targets_count": 1,
                    "minimum_healthy_targets_percentage": "off"
                  }
                ]
              }
            ],
            "target_health_state": [
              {
                "enable_unhealthy_connection_termination": null,
                "unhealthy_draining_interval": null
              }
            ],
            "target_type": "ip",
            "vpc_id": "vpc-0a5bf46d87d2190a6"
          },
          "sensitive_attributes": [],
          "private": "bnVsbA==",
          "dependencies": [
            "aws_default_vpc.default"
          ]
        }
      ]
    },
    {
      "mode": "managed",
      "type": "aws_route53_record",
      "name": "app",
      "provider": "provider[\"registry.terraform.io/hashicorp/aws\"]",
      "instances": [
        {
          "schema_version": 2,
          "attributes": {
            "alias": [
              {
                "evaluate_target_health": true,
                "name": "nestjs-app-alb-1117839294.us-east-1.elb.amazonaws.com",
                "zone_id": "Z35SXDOTRQ7X7K"
              }
            ],
            "allow_overwrite": null,
            "cidr_routing_policy": [],
            "failover_routing_policy": [],
            "fqdn": "api.bikeshrestha.com.np",
            "geolocation_routing_policy": [],
            "geoproximity_routing_policy": [],
            "health_check_id": "",
            "id": "Z03506322PP83CHNEIIOA_api.bikeshrestha.com.np_A",
            "latency_routing_policy": [],
            "multivalue_answer_routing_policy": false,
            "name": "api.bikeshrestha.com.np",
            "records": [],
            "set_identifier": "",
            "timeouts": null,
            "ttl": 0,
            "type": "A",
            "weighted_routing_policy": [],
            "zone_id": "Z03506322PP83CHNEIIOA"
          },
          "sensitive_attributes": [],
          "private": "eyJlMmJmYjczMC1lY2FhLTExZTYtOGY4OC0zNDM2M2JjN2M0YzAiOnsiY3JlYXRlIjoxODAwMDAwMDAwMDAwLCJkZWxldGUiOjE4MDAwMDAwMDAwMDAsInVwZGF0ZSI6MTgwMDAwMDAwMDAwMH0sInNjaGVtYV92ZXJzaW9uIjoiMiJ9",
          "dependencies": [
            "aws_default_subnet.default_az1",
            "aws_default_subnet.default_az2",
            "aws_default_vpc.default",
            "aws_lb.app",
            "aws_security_group.alb"
          ]
        }
      ]
    },
    {
      "mode": "managed",
      "type": "aws_s3_bucket",
      "name": "codepipeline_bucket",
      "provider": "provider[\"registry.terraform.io/hashicorp/aws\"]",
      "instances": [
        {
          "schema_version": 0,
          "attributes": {
            "acceleration_status": "",
            "acl": null,
            "arn": "arn:aws:s3:::nestjs-app-dev-pipeline-artifacts",
            "bucket": "nestjs-app-dev-pipeline-artifacts",
            "bucket_domain_name": "nestjs-app-dev-pipeline-artifacts.s3.amazonaws.com",
            "bucket_prefix": "",
            "bucket_regional_domain_name": "nestjs-app-dev-pipeline-artifacts.s3.us-east-1.amazonaws.com",
            "cors_rule": [],
            "force_destroy": false,
            "grant": [
              {
                "id": "9a0652f10c1b9a841fa632e33460834137f1681b2718f93c9bae72e1c1203251",
                "permissions": [
                  "FULL_CONTROL"
                ],
                "type": "CanonicalUser",
                "uri": ""
              }
            ],
            "hosted_zone_id": "Z3AQBSTGFYJSTF",
            "id": "nestjs-app-dev-pipeline-artifacts",
            "lifecycle_rule": [],
            "logging": [],
            "object_lock_configuration": [],
            "object_lock_enabled": false,
            "policy": "",
            "region": "us-east-1",
            "replication_configuration": [],
            "request_payer": "BucketOwner",
            "server_side_encryption_configuration": [
              {
                "rule": [
                  {
                    "apply_server_side_encryption_by_default": [
                      {
                        "kms_master_key_id": "",
                        "sse_algorithm": "AES256"
                      }
                    ],
                    "bucket_key_enabled": false
                  }
                ]
              }
            ],
            "tags": {
              "Environment": "dev",
              "Name": "nestjs-app-pipeline-artifacts"
            },
            "tags_all": {
              "Environment": "dev",
              "Name": "nestjs-app-pipeline-artifacts"
            },
            "timeouts": null,
            "versioning": [
              {
                "enabled": false,
                "mfa_delete": false
              }
            ],
            "website": [],
            "website_domain": null,
            "website_endpoint": null
          },
          "sensitive_attributes": [],
          "private": "eyJlMmJmYjczMC1lY2FhLTExZTYtOGY4OC0zNDM2M2JjN2M0YzAiOnsiY3JlYXRlIjoxMjAwMDAwMDAwMDAwLCJkZWxldGUiOjM2MDAwMDAwMDAwMDAsInJlYWQiOjEyMDAwMDAwMDAwMDAsInVwZGF0ZSI6MTIwMDAwMDAwMDAwMH19"
        }
      ]
    },
    {
      "mode": "managed",
      "type": "aws_s3_bucket_acl",
      "name": "codepipeline_bucket_acl",
      "provider": "provider[\"registry.terraform.io/hashicorp/aws\"]",
      "instances": [
        {
          "schema_version": 0,
          "attributes": {
            "access_control_policy": [
              {
                "grant": [
                  {
                    "grantee": [
                      {
                        "display_name": "bikeshrestha048",
                        "email_address": "",
                        "id": "9a0652f10c1b9a841fa632e33460834137f1681b2718f93c9bae72e1c1203251",
                        "type": "CanonicalUser",
                        "uri": ""
                      }
                    ],
                    "permission": "FULL_CONTROL"
                  }
                ],
                "owner": [
                  {
                    "display_name": "bikeshrestha048",
                    "id": "9a0652f10c1b9a841fa632e33460834137f1681b2718f93c9bae72e1c1203251"
                  }
                ]
              }
            ],
            "acl": "private",
            "bucket": "nestjs-app-dev-pipeline-artifacts",
            "expected_bucket_owner": "",
            "id": "nestjs-app-dev-pipeline-artifacts,private"
          },
          "sensitive_attributes": [],
          "private": "bnVsbA==",
          "dependencies": [
            "aws_s3_bucket.codepipeline_bucket",
            "aws_s3_bucket_ownership_controls.codepipeline_bucket_ownership"
          ]
        }
      ]
    },
    {
      "mode": "managed",
      "type": "aws_s3_bucket_ownership_controls",
      "name": "codepipeline_bucket_ownership",
      "provider": "provider[\"registry.terraform.io/hashicorp/aws\"]",
      "instances": [
        {
          "schema_version": 0,
          "attributes": {
            "bucket": "nestjs-app-dev-pipeline-artifacts",
            "id": "nestjs-app-dev-pipeline-artifacts",
            "rule": [
              {
                "object_ownership": "BucketOwnerPreferred"
              }
            ]
          },
          "sensitive_attributes": [],
          "private": "bnVsbA==",
          "dependencies": [
            "aws_s3_bucket.codepipeline_bucket"
          ]
        }
      ]
    },
    {
      "mode": "managed",
      "type": "aws_security_group",
      "name": "alb",
      "provider": "provider[\"registry.terraform.io/hashicorp/aws\"]",
      "instances": [
        {
          "schema_version": 1,
          "attributes": {
            "arn": "arn:aws:ec2:us-east-1:780147879176:security-group/sg-0d51897061ff21660",
            "description": "Security group for ALB",
            "egress": [
              {
                "cidr_blocks": [
                  "0.0.0.0/0"
                ],
                "description": "",
                "from_port": 0,
                "ipv6_cidr_blocks": [],
                "prefix_list_ids": [],
                "protocol": "-1",
                "security_groups": [],
                "self": false,
                "to_port": 0
              }
            ],
            "id": "sg-0d51897061ff21660",
            "ingress": [
              {
                "cidr_blocks": [
                  "0.0.0.0/0"
                ],
                "description": "",
                "from_port": 80,
                "ipv6_cidr_blocks": [],
                "prefix_list_ids": [],
                "protocol": "tcp",
                "security_groups": [],
                "self": false,
                "to_port": 80
              },
              {
                "cidr_blocks": [
                  "0.0.0.0/0"
                ],
                "description": "HTTPS from anywhere",
                "from_port": 443,
                "ipv6_cidr_blocks": [],
                "prefix_list_ids": [],
                "protocol": "tcp",
                "security_groups": [],
                "self": false,
                "to_port": 443
              }
            ],
            "name": "nestjs-app-alb-sg",
            "name_prefix": "",
            "owner_id": "780147879176",
            "revoke_rules_on_delete": false,
            "tags": {},
            "tags_all": {},
            "timeouts": null,
            "vpc_id": "vpc-0a5bf46d87d2190a6"
          },
          "sensitive_attributes": [],
          "private": "eyJlMmJmYjczMC1lY2FhLTExZTYtOGY4OC0zNDM2M2JjN2M0YzAiOnsiY3JlYXRlIjo2MDAwMDAwMDAwMDAsImRlbGV0ZSI6OTAwMDAwMDAwMDAwfSwic2NoZW1hX3ZlcnNpb24iOiIxIn0=",
          "dependencies": [
            "aws_default_vpc.default"
          ]
        }
      ]
    },
    {
      "mode": "managed",
      "type": "aws_security_group",
      "name": "ecs_tasks",
      "provider": "provider[\"registry.terraform.io/hashicorp/aws\"]",
      "instances": [
        {
          "schema_version": 1,
          "attributes": {
            "arn": "arn:aws:ec2:us-east-1:780147879176:security-group/sg-08c2abd37831b681e",
            "description": "Allow inbound traffic to ECS tasks",
            "egress": [
              {
                "cidr_blocks": [
                  "0.0.0.0/0"
                ],
                "description": "",
                "from_port": 0,
                "ipv6_cidr_blocks": [],
                "prefix_list_ids": [],
                "protocol": "-1",
                "security_groups": [],
                "self": false,
                "to_port": 0
              }
            ],
            "id": "sg-08c2abd37831b681e",
            "ingress": [
              {
                "cidr_blocks": [
                  "0.0.0.0/0"
                ],
                "description": "",
                "from_port": 3000,
                "ipv6_cidr_blocks": [],
                "prefix_list_ids": [],
                "protocol": "tcp",
                "security_groups": [],
                "self": false,
                "to_port": 3000
              }
            ],
            "name": "nestjs-app-ecs-tasks-sg",
            "name_prefix": "",
            "owner_id": "780147879176",
            "revoke_rules_on_delete": false,
            "tags": {
              "Environment": "dev",
              "Name": "nestjs-app-ecs-tasks-sg"
            },
            "tags_all": {
              "Environment": "dev",
              "Name": "nestjs-app-ecs-tasks-sg"
            },
            "timeouts": null,
            "vpc_id": "vpc-0a5bf46d87d2190a6"
          },
          "sensitive_attributes": [],
          "private": "eyJlMmJmYjczMC1lY2FhLTExZTYtOGY4OC0zNDM2M2JjN2M0YzAiOnsiY3JlYXRlIjo2MDAwMDAwMDAwMDAsImRlbGV0ZSI6OTAwMDAwMDAwMDAwfSwic2NoZW1hX3ZlcnNpb24iOiIxIn0=",
          "dependencies": [
            "aws_default_vpc.default"
          ]
        }
      ]
    },
    {
      "mode": "managed",
      "type": "tls_private_key",
      "name": "example",
      "provider": "provider[\"registry.terraform.io/hashicorp/tls\"]",
      "instances": [
        {
          "schema_version": 1,
          "attributes": {
            "algorithm": "RSA",
            "ecdsa_curve": "P224",
            "id": "5a570ea1b277359f7b9b0dd233534ce10fc84001",
            "private_key_openssh": "-----BEGIN OPENSSH PRIVATE KEY-----\nb3BlbnNzaC1rZXktdjEAAAAABG5vbmUAAAAEbm9uZQAAAAAAAAABAAACFwAAAAdz\nc2gtcnNhAAAAAwEAAQAAAgEApQydSHDvtE31fKIHgP9T77aqRr4mrzCE8UbEtgqj\nWiNHejTr29eIBs3arSlCSYbcbiqPFMdzVYju+cx3EcxRxpfLDWN0w0a4ap8R+3T2\nyj+ZGSH/VXhCQiCQC1P/ybJY4lPuTrRgTFS5FWLNArfOYP0zjIDnJ76uW0NaZaKS\nvpUUh1KrvJpNCPvBhcedFRAUiE8rePeZhlIDaaUaraqcsvPXig0bUyq9a3RgFs30\nn7nCZu2kQRqYFhDAPuMrA4Z8NdhUNpdMYaxUYuIY3cTHjEAbx9PCVYfhT9Rx8YW0\n9bqm7QaK6IJaX9PbapX1WMIy2xg+4AH0a2HPU5RsWM72Qfm75EjxzoHrw4GryGBP\nulfnWGWv9PusWgx67mTcFPChqXMC8qzhCqhoGXy4lJ16ld3KR8qGtjyOeo+xMSAD\n0st1R8IzgoGK3iF8AnTgU6uI/RyDz73nUpQQax0xdqxfbY8lYH2xpFFD0I5pjyjr\no/YVB/4SfosSXVg64a62pRb3alc+Ts5f6eOomH1JkKZO6iv9ayU4w4r7nAOcYOKe\nbt+v/eZx1Wc5sze8id187Vme+tE/73K1Lw+GFyHAxrCVqgGcieI20JIL42qL20gT\nkBnRzugKKVvUjqtut1hskDf47TvIpYOHjKUJuu2LZPKAjUFPl+GTG3UER6FKX1h6\nRG0AAAc4hlFnGYZRZxkAAAAHc3NoLXJzYQAAAgEApQydSHDvtE31fKIHgP9T77aq\nRr4mrzCE8UbEtgqjWiNHejTr29eIBs3arSlCSYbcbiqPFMdzVYju+cx3EcxRxpfL\nDWN0w0a4ap8R+3T2yj+ZGSH/VXhCQiCQC1P/ybJY4lPuTrRgTFS5FWLNArfOYP0z\njIDnJ76uW0NaZaKSvpUUh1KrvJpNCPvBhcedFRAUiE8rePeZhlIDaaUaraqcsvPX\nig0bUyq9a3RgFs30n7nCZu2kQRqYFhDAPuMrA4Z8NdhUNpdMYaxUYuIY3cTHjEAb\nx9PCVYfhT9Rx8YW09bqm7QaK6IJaX9PbapX1WMIy2xg+4AH0a2HPU5RsWM72Qfm7\n5EjxzoHrw4GryGBPulfnWGWv9PusWgx67mTcFPChqXMC8qzhCqhoGXy4lJ16ld3K\nR8qGtjyOeo+xMSAD0st1R8IzgoGK3iF8AnTgU6uI/RyDz73nUpQQax0xdqxfbY8l\nYH2xpFFD0I5pjyjro/YVB/4SfosSXVg64a62pRb3alc+Ts5f6eOomH1JkKZO6iv9\nayU4w4r7nAOcYOKebt+v/eZx1Wc5sze8id187Vme+tE/73K1Lw+GFyHAxrCVqgGc\nieI20JIL42qL20gTkBnRzugKKVvUjqtut1hskDf47TvIpYOHjKUJuu2LZPKAjUFP\nl+GTG3UER6FKX1h6RG0AAAADAQABAAACAAsXUepwTGtdYcXCTabJgaZ2K/MdDBRx\nuj1MeCOTi26fOEpqC/91+Focszk3sJCoU1/D1GGdFY8F6Kk4qDe19zjVMnvv1wTY\nV8QydE7liUAGDg+2TSY9MpanAYcBWgr/xSFQao83Z9E5UEazoPsxxtiVq0Uh1GbD\nVYwkdoql5h6QfhSp5YiDBfI4mMSYqWGk9vxB9bXnTZXNJRWQVr6c3HLaF/3a658n\nHBuAcoSVyn6BSSMJjSQi2V2COqj/MwDFpMspgl84w5U8s18BupIMiyxNkpBXFpQQ\n0X8/03hbd9GbfWQoMGV3fQM7hV8gPKB+TFSUyITdHMOqivge3TkKj1m7/z1CaT5H\ncSrMyb5VU3oLQlc52isYirIo0wVViwQ+mWUzVJKXQxxT125Z03uQvfGjJujhdrf6\nR2lMBhkjNYByHAv2hQvYusGhC/LmClmOx7tXrBIuSaO+QtsYln2Wqbot4NSMd9hM\nSntAhNgFXLlN36dDvK1tPiTbqPtsg3XL4fOErendOpGj6BxYMO90thdaKRHyFXXn\nzTGmfAdizZAKL1pA5l5Q4oc8UZo6a3Fm09M9XOZucoHnoGauHgZ5JSq7ue3f1wTT\nfKjwN58767sCTWsSuxSXhcFXf+GL5iLun7zQl8do0g9okpPnXHBmuKaaEVo3TA5a\n8XQXFHlJ5CMxAAABAEtVZ3vjKG0h3xc2o1Vvz212kITLnlEcMFwAgByFE7D7QGGh\nfZ8iVOHLJXfZG0wzKvSt2p3/au/BchtQh/uode0aRFhqKPvvmdj3HkJcm946+41t\nzLj+0INNRvkLvIGiHr2cLqG8/mBhFYHiEjwn6jsPA5euwi75AKfr++HcIxHyFJv6\n8kTDxcFPVxhz1FBZ39d9FT+d5MfcMtx8AvFaI7d2uAvkucIhTM3KxlrG0AsBmOP/\nNOKUv8TpCdxTSaHrSjZ4uCIj/OXhwu7+oVDSMv/JgdNqCSR3KsyvFL9AxePhGLR2\nOt4kpQAGVrLj3J4ixHyr/lbBINa5x//fFBHRD+AAAAEBANN/wNn+XRgbJH37ylFL\nndTbq+p7H3TxgKaqOo7DSJcV9CnNQjYfYNBI5BH/xy1+Wrgr7VjyjaMNEbX7GpYr\n5g9c3g+NozVYQf8SsIdhd9Dxe+W+WgiTFFJqPWQVu0le4J0PMfSGzlwzrnsDMTdV\n6h2PLipXE0feXpshCuVGHfUTE/+bKrMj7mcckU6nLBIMlyyOGz3mZUFdc7ESxtaf\nTvpOcoCXyBauWwo+4VAIG47fm1OcdHBBGvx9SLDgNwd3UPAcYsoXtmCZ0YXBdX0y\nf3kOvFrMDqGssRq4pEtBm2jd77+wESFeKhMV0M3FlrSEqHf5TtuMhLlqaJjC60Wk\nGOcAAAEBAMfG4Jr7xgJgppLiu2F0OHy+zI6oG1slLzlWCogvBA9HIKqH42T8g4o+\nPQRO7UdwlUymQcZ4Z8k0774TuXTDe8EunSrMzCDMZfg7+4x2vn2+NiVd4exyHqPa\nLusBy9QLbgtBhWvY8hV0JDn975pZHei+STzVKR3LAh8dnM2wkWa7N39QczYuVGVt\nFr5BOMU64UhrlfCoKtQEYU64Ooz83eBNDsExwY7PO2mp67+VJku4+ZRqwjKHlttU\nPW/n96S4vtvAO+r2JAuxDpZmcpuBkCk5V9UyhJplqhs4OPbdXSoYsphtrihpi84P\nF1odPtQgyWyQ3N2rHS9ntDgpft1GaYsAAAAAAQID\n-----END OPENSSH PRIVATE KEY-----\n",
            "private_key_pem": "-----BEGIN RSA PRIVATE KEY-----\nMIIJJwIBAAKCAgEApQydSHDvtE31fKIHgP9T77aqRr4mrzCE8UbEtgqjWiNHejTr\n29eIBs3arSlCSYbcbiqPFMdzVYju+cx3EcxRxpfLDWN0w0a4ap8R+3T2yj+ZGSH/\nVXhCQiCQC1P/ybJY4lPuTrRgTFS5FWLNArfOYP0zjIDnJ76uW0NaZaKSvpUUh1Kr\nvJpNCPvBhcedFRAUiE8rePeZhlIDaaUaraqcsvPXig0bUyq9a3RgFs30n7nCZu2k\nQRqYFhDAPuMrA4Z8NdhUNpdMYaxUYuIY3cTHjEAbx9PCVYfhT9Rx8YW09bqm7QaK\n6IJaX9PbapX1WMIy2xg+4AH0a2HPU5RsWM72Qfm75EjxzoHrw4GryGBPulfnWGWv\n9PusWgx67mTcFPChqXMC8qzhCqhoGXy4lJ16ld3KR8qGtjyOeo+xMSAD0st1R8Iz\ngoGK3iF8AnTgU6uI/RyDz73nUpQQax0xdqxfbY8lYH2xpFFD0I5pjyjro/YVB/4S\nfosSXVg64a62pRb3alc+Ts5f6eOomH1JkKZO6iv9ayU4w4r7nAOcYOKebt+v/eZx\n1Wc5sze8id187Vme+tE/73K1Lw+GFyHAxrCVqgGcieI20JIL42qL20gTkBnRzugK\nKVvUjqtut1hskDf47TvIpYOHjKUJuu2LZPKAjUFPl+GTG3UER6FKX1h6RG0CAwEA\nAQKCAgALF1HqcExrXWHFwk2myYGmdivzHQwUcbo9THgjk4tunzhKagv/dfhaHLM5\nN7CQqFNfw9RhnRWPBeipOKg3tfc41TJ779cE2FfEMnRO5YlABg4Ptk0mPTKWpwGH\nAVoK/8UhUGqPN2fROVBGs6D7McbYlatFIdRmw1WMJHaKpeYekH4UqeWIgwXyOJjE\nmKlhpPb8QfW1502VzSUVkFa+nNxy2hf92uufJxwbgHKElcp+gUkjCY0kItldgjqo\n/zMAxaTLKYJfOMOVPLNfAbqSDIssTZKQVxaUENF/P9N4W3fRm31kKDBld30DO4Vf\nIDygfkxUlMiE3RzDqor4Ht05Co9Zu/89Qmk+R3EqzMm+VVN6C0JXOdorGIqyKNMF\nVYsEPpllM1SSl0McU9duWdN7kL3xoybo4Xa3+kdpTAYZIzWAchwL9oUL2LrBoQvy\n5gpZjse7V6wSLkmjvkLbGJZ9lqm6LeDUjHfYTEp7QITYBVy5Td+nQ7ytbT4k26j7\nbIN1y+HzhK3p3TqRo+gcWDDvdLYXWikR8hV1580xpnwHYs2QCi9aQOZeUOKHPFGa\nOmtxZtPTPVzmbnKB56Bmrh4GeSUqu7nt39cE03yo8DefO+u7Ak1rErsUl4XBV3/h\ni+Yi7p+80JfHaNIPaJKT51xwZrimmhFaN0wOWvF0FxR5SeQjMQKCAQEA03/A2f5d\nGBskffvKUUud1Nur6nsfdPGApqo6jsNIlxX0Kc1CNh9g0EjkEf/HLX5auCvtWPKN\now0RtfsalivmD1zeD42jNVhB/xKwh2F30PF75b5aCJMUUmo9ZBW7SV7gnQ8x9IbO\nXDOuewMxN1XqHY8uKlcTR95emyEK5UYd9RMT/5sqsyPuZxyRTqcsEgyXLI4bPeZl\nQV1zsRLG1p9O+k5ygJfIFq5bCj7hUAgbjt+bU5x0cEEa/H1IsOA3B3dQ8Bxiyhe2\nYJnRhcF1fTJ/eQ68WswOoayxGrikS0GbaN3vv7ARIV4qExXQzcWWtISod/lO24yE\nuWpomMLrRaQY5wKCAQEAx8bgmvvGAmCmkuK7YXQ4fL7MjqgbWyUvOVYKiC8ED0cg\nqofjZPyDij49BE7tR3CVTKZBxnhnyTTvvhO5dMN7wS6dKszMIMxl+Dv7jHa+fb42\nJV3h7HIeo9ou6wHL1AtuC0GFa9jyFXQkOf3vmlkd6L5JPNUpHcsCHx2czbCRZrs3\nf1BzNi5UZW0WvkE4xTrhSGuV8Kgq1ARhTrg6jPzd4E0OwTHBjs87aanrv5UmS7j5\nlGrCMoeW21Q9b+f3pLi+28A76vYkC7EOlmZym4GQKTlX1TKEmmWqGzg49t1dKhiy\nmG2uKGmLzg8XWh0+1CDJbJDc3asdL2e0OCl+3UZpiwKCAQBP+3AjAF6UTy9ttVq9\ng6scZDaPZiBvSSUt4hJjCtbYzCSZ6lWvwg4KtoYJiID6Y15LZ9FKYe/OSZL5Dwzu\n3YsTJDuWBipCci4DGD5J9EIrcic4qtPBil2VDThKMS2ygX7P5n8tyg0gMSs6uepS\n0trGcu8yc9uGwkFkyQolym5pz90wPK3ZMS1nMRaCeBXifYBuCQ+kSQzhu0WVIVSw\ntW5YmnISz1OLwEQNi9oJOgex8D39UJ14FibudTKYMTKeUDD7nMB/TJhbz8+8lXyo\n6//o9/mjHKgr2/Ld+BWpoBX1gni4NQ1FYSboMMfWCXMEsWZEeLOps2o99E+59Xyj\nyXrhAoIBADJUoXuKWN16ehzhcHHh9OVAsIp0QcgZuycHzUl4Bt7OfaVY7OohUAaB\nHaA7Pj5UV9jivgmBhixD4O6TS5LmOQR3ePMye2777+i1O++sbtuBE2UgnO2T5rJD\nIrTkU/TNGGFPlYyRMJRFGWde2YGaWBWt8weXcG9oGNW8ASg1BrzKB/ZUT2JkE7El\n5afzCJlv9xfmuvTReVDG9bj+YwnoHwIGh+QWY/xVq1M4kwNGUUqchIxmxRwz2sbR\nF1VdLJ/cR4FXkgDlGDm11sX/c3pIDwjDwKQewReg61VGOdu/81vKsxwB7fGSfb1h\nQfHbElwhEn3+lRZnqMerqdTIZ4TZ23cCggEAS1Vne+MobSHfFzajVW/PbXaQhMue\nURwwXACAHIUTsPtAYaF9nyJU4csld9kbTDMq9K3anf9q78FyG1CH+6h17RpEWGoo\n+++Z2PceQlyb3jr7jW3MuP7Qg01G+Qu8gaIevZwuobz+YGEVgeISPCfqOw8Dl67C\nLvkAp+v74dwjEfIUm/ryRMPFwU9XGHPUUFnf130VP53kx9wy3HwC8Vojt3a4C+S5\nwiFMzcrGWsbQCwGY4/804pS/xOkJ3FNJoetKNni4IiP85eHC7v6hUNIy/8mB02oJ\nJHcqzK8Uv0DF4+EYtHY63iSlAAZWsuPcniLEfKv+VsEg1rnH/98UEdEP4A==\n-----END RSA PRIVATE KEY-----\n",
            "private_key_pem_pkcs8": "-----BEGIN PRIVATE KEY-----\nMIIJQQIBADANBgkqhkiG9w0BAQEFAASCCSswggknAgEAAoICAQClDJ1IcO+0TfV8\nogeA/1PvtqpGviavMITxRsS2CqNaI0d6NOvb14gGzdqtKUJJhtxuKo8Ux3NViO75\nzHcRzFHGl8sNY3TDRrhqnxH7dPbKP5kZIf9VeEJCIJALU//JsljiU+5OtGBMVLkV\nYs0Ct85g/TOMgOcnvq5bQ1plopK+lRSHUqu8mk0I+8GFx50VEBSITyt495mGUgNp\npRqtqpyy89eKDRtTKr1rdGAWzfSfucJm7aRBGpgWEMA+4ysDhnw12FQ2l0xhrFRi\n4hjdxMeMQBvH08JVh+FP1HHxhbT1uqbtBoroglpf09tqlfVYwjLbGD7gAfRrYc9T\nlGxYzvZB+bvkSPHOgevDgavIYE+6V+dYZa/0+6xaDHruZNwU8KGpcwLyrOEKqGgZ\nfLiUnXqV3cpHyoa2PI56j7ExIAPSy3VHwjOCgYreIXwCdOBTq4j9HIPPvedSlBBr\nHTF2rF9tjyVgfbGkUUPQjmmPKOuj9hUH/hJ+ixJdWDrhrralFvdqVz5Ozl/p46iY\nfUmQpk7qK/1rJTjDivucA5xg4p5u36/95nHVZzmzN7yJ3XztWZ760T/vcrUvD4YX\nIcDGsJWqAZyJ4jbQkgvjaovbSBOQGdHO6AopW9SOq263WGyQN/jtO8ilg4eMpQm6\n7Ytk8oCNQU+X4ZMbdQRHoUpfWHpEbQIDAQABAoICAAsXUepwTGtdYcXCTabJgaZ2\nK/MdDBRxuj1MeCOTi26fOEpqC/91+Focszk3sJCoU1/D1GGdFY8F6Kk4qDe19zjV\nMnvv1wTYV8QydE7liUAGDg+2TSY9MpanAYcBWgr/xSFQao83Z9E5UEazoPsxxtiV\nq0Uh1GbDVYwkdoql5h6QfhSp5YiDBfI4mMSYqWGk9vxB9bXnTZXNJRWQVr6c3HLa\nF/3a658nHBuAcoSVyn6BSSMJjSQi2V2COqj/MwDFpMspgl84w5U8s18BupIMiyxN\nkpBXFpQQ0X8/03hbd9GbfWQoMGV3fQM7hV8gPKB+TFSUyITdHMOqivge3TkKj1m7\n/z1CaT5HcSrMyb5VU3oLQlc52isYirIo0wVViwQ+mWUzVJKXQxxT125Z03uQvfGj\nJujhdrf6R2lMBhkjNYByHAv2hQvYusGhC/LmClmOx7tXrBIuSaO+QtsYln2Wqbot\n4NSMd9hMSntAhNgFXLlN36dDvK1tPiTbqPtsg3XL4fOErendOpGj6BxYMO90thda\nKRHyFXXnzTGmfAdizZAKL1pA5l5Q4oc8UZo6a3Fm09M9XOZucoHnoGauHgZ5JSq7\nue3f1wTTfKjwN58767sCTWsSuxSXhcFXf+GL5iLun7zQl8do0g9okpPnXHBmuKaa\nEVo3TA5a8XQXFHlJ5CMxAoIBAQDTf8DZ/l0YGyR9+8pRS53U26vqex908YCmqjqO\nw0iXFfQpzUI2H2DQSOQR/8ctflq4K+1Y8o2jDRG1+xqWK+YPXN4PjaM1WEH/ErCH\nYXfQ8XvlvloIkxRSaj1kFbtJXuCdDzH0hs5cM657AzE3Veodjy4qVxNH3l6bIQrl\nRh31ExP/myqzI+5nHJFOpywSDJcsjhs95mVBXXOxEsbWn076TnKAl8gWrlsKPuFQ\nCBuO35tTnHRwQRr8fUiw4DcHd1DwHGLKF7ZgmdGFwXV9Mn95DrxazA6hrLEauKRL\nQZto3e+/sBEhXioTFdDNxZa0hKh3+U7bjIS5amiYwutFpBjnAoIBAQDHxuCa+8YC\nYKaS4rthdDh8vsyOqBtbJS85VgqILwQPRyCqh+Nk/IOKPj0ETu1HcJVMpkHGeGfJ\nNO++E7l0w3vBLp0qzMwgzGX4O/uMdr59vjYlXeHsch6j2i7rAcvUC24LQYVr2PIV\ndCQ5/e+aWR3ovkk81SkdywIfHZzNsJFmuzd/UHM2LlRlbRa+QTjFOuFIa5XwqCrU\nBGFOuDqM/N3gTQ7BMcGOzztpqeu/lSZLuPmUasIyh5bbVD1v5/ekuL7bwDvq9iQL\nsQ6WZnKbgZApOVfVMoSaZaobODj23V0qGLKYba4oaYvODxdaHT7UIMlskNzdqx0v\nZ7Q4KX7dRmmLAoIBAE/7cCMAXpRPL221Wr2DqxxkNo9mIG9JJS3iEmMK1tjMJJnq\nVa/CDgq2hgmIgPpjXktn0Uph785JkvkPDO7dixMkO5YGKkJyLgMYPkn0QityJziq\n08GKXZUNOEoxLbKBfs/mfy3KDSAxKzq56lLS2sZy7zJz24bCQWTJCiXKbmnP3TA8\nrdkxLWcxFoJ4FeJ9gG4JD6RJDOG7RZUhVLC1bliachLPU4vARA2L2gk6B7HwPf1Q\nnXgWJu51MpgxMp5QMPucwH9MmFvPz7yVfKjr/+j3+aMcqCvb8t34FamgFfWCeLg1\nDUVhJugwx9YJcwSxZkR4s6mzaj30T7n1fKPJeuECggEAMlShe4pY3Xp6HOFwceH0\n5UCwinRByBm7JwfNSXgG3s59pVjs6iFQBoEdoDs+PlRX2OK+CYGGLEPg7pNLkuY5\nBHd48zJ7bvvv6LU776xu24ETZSCc7ZPmskMitORT9M0YYU+VjJEwlEUZZ17ZgZpY\nFa3zB5dwb2gY1bwBKDUGvMoH9lRPYmQTsSXlp/MImW/3F+a69NF5UMb1uP5jCegf\nAgaH5BZj/FWrUziTA0ZRSpyEjGbFHDPaxtEXVV0sn9xHgVeSAOUYObXWxf9zekgP\nCMPApB7BF6DrVUY527/zW8qzHAHt8ZJ9vWFB8dsSXCESff6VFmeox6up1MhnhNnb\ndwKCAQBLVWd74yhtId8XNqNVb89tdpCEy55RHDBcAIAchROw+0BhoX2fIlThyyV3\n2RtMMyr0rdqd/2rvwXIbUIf7qHXtGkRYaij775nY9x5CXJveOvuNbcy4/tCDTUb5\nC7yBoh69nC6hvP5gYRWB4hI8J+o7DwOXrsIu+QCn6/vh3CMR8hSb+vJEw8XBT1cY\nc9RQWd/XfRU/neTH3DLcfALxWiO3drgL5LnCIUzNysZaxtALAZjj/zTilL/E6Qnc\nU0mh60o2eLgiI/zl4cLu/qFQ0jL/yYHTagkkdyrMrxS/QMXj4Ri0djreJKUABlay\n49yeIsR8q/5WwSDWucf/3xQR0Q/g\n-----END PRIVATE KEY-----\n",
            "public_key_fingerprint_md5": "90:a4:e0:f7:66:6f:af:fc:2b:9c:88:c7:c9:b7:6e:da",
            "public_key_fingerprint_sha256": "SHA256:52UV14Yqlp3BuZuwfBNuZ9gCgcM4lr7o7j79Hx+slQ4",
            "public_key_openssh": "ssh-rsa AAAAB3NzaC1yc2EAAAADAQABAAACAQClDJ1IcO+0TfV8ogeA/1PvtqpGviavMITxRsS2CqNaI0d6NOvb14gGzdqtKUJJhtxuKo8Ux3NViO75zHcRzFHGl8sNY3TDRrhqnxH7dPbKP5kZIf9VeEJCIJALU//JsljiU+5OtGBMVLkVYs0Ct85g/TOMgOcnvq5bQ1plopK+lRSHUqu8mk0I+8GFx50VEBSITyt495mGUgNppRqtqpyy89eKDRtTKr1rdGAWzfSfucJm7aRBGpgWEMA+4ysDhnw12FQ2l0xhrFRi4hjdxMeMQBvH08JVh+FP1HHxhbT1uqbtBoroglpf09tqlfVYwjLbGD7gAfRrYc9TlGxYzvZB+bvkSPHOgevDgavIYE+6V+dYZa/0+6xaDHruZNwU8KGpcwLyrOEKqGgZfLiUnXqV3cpHyoa2PI56j7ExIAPSy3VHwjOCgYreIXwCdOBTq4j9HIPPvedSlBBrHTF2rF9tjyVgfbGkUUPQjmmPKOuj9hUH/hJ+ixJdWDrhrralFvdqVz5Ozl/p46iYfUmQpk7qK/1rJTjDivucA5xg4p5u36/95nHVZzmzN7yJ3XztWZ760T/vcrUvD4YXIcDGsJWqAZyJ4jbQkgvjaovbSBOQGdHO6AopW9SOq263WGyQN/jtO8ilg4eMpQm67Ytk8oCNQU+X4ZMbdQRHoUpfWHpEbQ==\n",
            "public_key_pem": "-----BEGIN PUBLIC KEY-----\nMIICIjANBgkqhkiG9w0BAQEFAAOCAg8AMIICCgKCAgEApQydSHDvtE31fKIHgP9T\n77aqRr4mrzCE8UbEtgqjWiNHejTr29eIBs3arSlCSYbcbiqPFMdzVYju+cx3EcxR\nxpfLDWN0w0a4ap8R+3T2yj+ZGSH/VXhCQiCQC1P/ybJY4lPuTrRgTFS5FWLNArfO\nYP0zjIDnJ76uW0NaZaKSvpUUh1KrvJpNCPvBhcedFRAUiE8rePeZhlIDaaUaraqc\nsvPXig0bUyq9a3RgFs30n7nCZu2kQRqYFhDAPuMrA4Z8NdhUNpdMYaxUYuIY3cTH\njEAbx9PCVYfhT9Rx8YW09bqm7QaK6IJaX9PbapX1WMIy2xg+4AH0a2HPU5RsWM72\nQfm75EjxzoHrw4GryGBPulfnWGWv9PusWgx67mTcFPChqXMC8qzhCqhoGXy4lJ16\nld3KR8qGtjyOeo+xMSAD0st1R8IzgoGK3iF8AnTgU6uI/RyDz73nUpQQax0xdqxf\nbY8lYH2xpFFD0I5pjyjro/YVB/4SfosSXVg64a62pRb3alc+Ts5f6eOomH1JkKZO\n6iv9ayU4w4r7nAOcYOKebt+v/eZx1Wc5sze8id187Vme+tE/73K1Lw+GFyHAxrCV\nqgGcieI20JIL42qL20gTkBnRzugKKVvUjqtut1hskDf47TvIpYOHjKUJuu2LZPKA\njUFPl+GTG3UER6FKX1h6RG0CAwEAAQ==\n-----END PUBLIC KEY-----\n",
            "rsa_bits": 4096
          },
          "sensitive_attributes": [
            [
              {
                "type": "get_attr",
                "value": "private_key_openssh"
              }
            ],
            [
              {
                "type": "get_attr",
                "value": "private_key_pem_pkcs8"
              }
            ],
            [
              {
                "type": "get_attr",
                "value": "private_key_pem"
              }
            ]
          ]
        }
      ]
    },
    {
      "mode": "managed",
      "type": "tls_self_signed_cert",
      "name": "example",
      "provider": "provider[\"registry.terraform.io/hashicorp/tls\"]",
      "instances": [
        {
          "schema_version": 0,
          "attributes": {
            "allowed_uses": [
              "key_encipherment",
              "digital_signature",
              "server_auth"
            ],
            "cert_pem": "-----BEGIN CERTIFICATE-----\nMIIFEjCCAvqgAwIBAgIRAKYXgc9IuUrRvw9rlrAz+iAwDQYJKoZIhvcNAQELBQAw\nKTEUMBIGA1UEChMLUmlzZSwgQW1iZXIxETAPBgNVBAMTCHJpc2UuY29tMB4XDTI1\nMDQxNjA3MTM0MloXDTI2MDQxNjA3MTM0MlowKTEUMBIGA1UEChMLUmlzZSwgQW1i\nZXIxETAPBgNVBAMTCHJpc2UuY29tMIICIjANBgkqhkiG9w0BAQEFAAOCAg8AMIIC\nCgKCAgEApQydSHDvtE31fKIHgP9T77aqRr4mrzCE8UbEtgqjWiNHejTr29eIBs3a\nrSlCSYbcbiqPFMdzVYju+cx3EcxRxpfLDWN0w0a4ap8R+3T2yj+ZGSH/VXhCQiCQ\nC1P/ybJY4lPuTrRgTFS5FWLNArfOYP0zjIDnJ76uW0NaZaKSvpUUh1KrvJpNCPvB\nhcedFRAUiE8rePeZhlIDaaUaraqcsvPXig0bUyq9a3RgFs30n7nCZu2kQRqYFhDA\nPuMrA4Z8NdhUNpdMYaxUYuIY3cTHjEAbx9PCVYfhT9Rx8YW09bqm7QaK6IJaX9Pb\napX1WMIy2xg+4AH0a2HPU5RsWM72Qfm75EjxzoHrw4GryGBPulfnWGWv9PusWgx6\n7mTcFPChqXMC8qzhCqhoGXy4lJ16ld3KR8qGtjyOeo+xMSAD0st1R8IzgoGK3iF8\nAnTgU6uI/RyDz73nUpQQax0xdqxfbY8lYH2xpFFD0I5pjyjro/YVB/4SfosSXVg6\n4a62pRb3alc+Ts5f6eOomH1JkKZO6iv9ayU4w4r7nAOcYOKebt+v/eZx1Wc5sze8\nid187Vme+tE/73K1Lw+GFyHAxrCVqgGcieI20JIL42qL20gTkBnRzugKKVvUjqtu\nt1hskDf47TvIpYOHjKUJuu2LZPKAjUFPl+GTG3UER6FKX1h6RG0CAwEAAaM1MDMw\nDgYDVR0PAQH/BAQDAgWgMBMGA1UdJQQMMAoGCCsGAQUFBwMBMAwGA1UdEwEB/wQC\nMAAwDQYJKoZIhvcNAQELBQADggIBAGglsYyL+orNYDOBHaHTzxI+mzG7VH3xmzxX\naJJugph3eUe/E/Cy+iwgVdqze+9TKGZSd7kwsBEK9lrJsD9fk5c2A+7dtmnGOIFo\nK+Ci5N2Yt0SfkVU0CztxSVH/jyHowey49kKdd49XauTGZR5vw6KwXOVg9RtTLTM3\nh/X4rKe4XMAIN2WzmK8Xy8SjwRUL6cKrk9AyEyyl8L9CMeKFOLjpfubX1XDwsf3N\nIaGMQY1fvvTwn666Wv1prSgXtNPjHFPNiUAZnT4rHEwo+U38sDwBufaE5iYkv9m4\n4Il7P0pRecyw/cjBWpq4kd9VXNwOIvdOHOtNrfxUsxR9/pqMNLJcKnSZ6UZn/oN1\nm1enQK56eTiOe1WiT0V6ZUeZvYwl/c0RoGkeES6Sq/XU0koTH3a/+8bcN47478r1\nx1VkCmlBoOgTjIUL6YXWe9tO/N9JWmLFkOC88lWlR5/Dq2V/pIenTIGVFsx4Cdue\n+PAEusLCKA1aBgUdvl8iHYI7XVDI9HmVlfdaZXHk9SK2HTHytRjIMknJ4ISA090o\n1Xlh3uefbSBLShxGhj5XPJ1/g7b5lNGbjP14bI339atbpM7DgkbO9Lx6zTQeHTQD\nVWA9cAG65CGVIMBVnnm0A7bi6zXaSnIIpi4iNkc2tWchTkJOmrkMqfZyBXChJsVf\n5GmAyh8M\n-----END CERTIFICATE-----\n",
            "dns_names": null,
            "early_renewal_hours": 0,
            "id": "220773902981617772763712880466510215712",
            "ip_addresses": null,
            "is_ca_certificate": false,
            "key_algorithm": "RSA",
            "private_key_pem": "-----BEGIN RSA PRIVATE KEY-----\nMIIJJwIBAAKCAgEApQydSHDvtE31fKIHgP9T77aqRr4mrzCE8UbEtgqjWiNHejTr\n29eIBs3arSlCSYbcbiqPFMdzVYju+cx3EcxRxpfLDWN0w0a4ap8R+3T2yj+ZGSH/\nVXhCQiCQC1P/ybJY4lPuTrRgTFS5FWLNArfOYP0zjIDnJ76uW0NaZaKSvpUUh1Kr\nvJpNCPvBhcedFRAUiE8rePeZhlIDaaUaraqcsvPXig0bUyq9a3RgFs30n7nCZu2k\nQRqYFhDAPuMrA4Z8NdhUNpdMYaxUYuIY3cTHjEAbx9PCVYfhT9Rx8YW09bqm7QaK\n6IJaX9PbapX1WMIy2xg+4AH0a2HPU5RsWM72Qfm75EjxzoHrw4GryGBPulfnWGWv\n9PusWgx67mTcFPChqXMC8qzhCqhoGXy4lJ16ld3KR8qGtjyOeo+xMSAD0st1R8Iz\ngoGK3iF8AnTgU6uI/RyDz73nUpQQax0xdqxfbY8lYH2xpFFD0I5pjyjro/YVB/4S\nfosSXVg64a62pRb3alc+Ts5f6eOomH1JkKZO6iv9ayU4w4r7nAOcYOKebt+v/eZx\n1Wc5sze8id187Vme+tE/73K1Lw+GFyHAxrCVqgGcieI20JIL42qL20gTkBnRzugK\nKVvUjqtut1hskDf47TvIpYOHjKUJuu2LZPKAjUFPl+GTG3UER6FKX1h6RG0CAwEA\nAQKCAgALF1HqcExrXWHFwk2myYGmdivzHQwUcbo9THgjk4tunzhKagv/dfhaHLM5\nN7CQqFNfw9RhnRWPBeipOKg3tfc41TJ779cE2FfEMnRO5YlABg4Ptk0mPTKWpwGH\nAVoK/8UhUGqPN2fROVBGs6D7McbYlatFIdRmw1WMJHaKpeYekH4UqeWIgwXyOJjE\nmKlhpPb8QfW1502VzSUVkFa+nNxy2hf92uufJxwbgHKElcp+gUkjCY0kItldgjqo\n/zMAxaTLKYJfOMOVPLNfAbqSDIssTZKQVxaUENF/P9N4W3fRm31kKDBld30DO4Vf\nIDygfkxUlMiE3RzDqor4Ht05Co9Zu/89Qmk+R3EqzMm+VVN6C0JXOdorGIqyKNMF\nVYsEPpllM1SSl0McU9duWdN7kL3xoybo4Xa3+kdpTAYZIzWAchwL9oUL2LrBoQvy\n5gpZjse7V6wSLkmjvkLbGJZ9lqm6LeDUjHfYTEp7QITYBVy5Td+nQ7ytbT4k26j7\nbIN1y+HzhK3p3TqRo+gcWDDvdLYXWikR8hV1580xpnwHYs2QCi9aQOZeUOKHPFGa\nOmtxZtPTPVzmbnKB56Bmrh4GeSUqu7nt39cE03yo8DefO+u7Ak1rErsUl4XBV3/h\ni+Yi7p+80JfHaNIPaJKT51xwZrimmhFaN0wOWvF0FxR5SeQjMQKCAQEA03/A2f5d\nGBskffvKUUud1Nur6nsfdPGApqo6jsNIlxX0Kc1CNh9g0EjkEf/HLX5auCvtWPKN\now0RtfsalivmD1zeD42jNVhB/xKwh2F30PF75b5aCJMUUmo9ZBW7SV7gnQ8x9IbO\nXDOuewMxN1XqHY8uKlcTR95emyEK5UYd9RMT/5sqsyPuZxyRTqcsEgyXLI4bPeZl\nQV1zsRLG1p9O+k5ygJfIFq5bCj7hUAgbjt+bU5x0cEEa/H1IsOA3B3dQ8Bxiyhe2\nYJnRhcF1fTJ/eQ68WswOoayxGrikS0GbaN3vv7ARIV4qExXQzcWWtISod/lO24yE\nuWpomMLrRaQY5wKCAQEAx8bgmvvGAmCmkuK7YXQ4fL7MjqgbWyUvOVYKiC8ED0cg\nqofjZPyDij49BE7tR3CVTKZBxnhnyTTvvhO5dMN7wS6dKszMIMxl+Dv7jHa+fb42\nJV3h7HIeo9ou6wHL1AtuC0GFa9jyFXQkOf3vmlkd6L5JPNUpHcsCHx2czbCRZrs3\nf1BzNi5UZW0WvkE4xTrhSGuV8Kgq1ARhTrg6jPzd4E0OwTHBjs87aanrv5UmS7j5\nlGrCMoeW21Q9b+f3pLi+28A76vYkC7EOlmZym4GQKTlX1TKEmmWqGzg49t1dKhiy\nmG2uKGmLzg8XWh0+1CDJbJDc3asdL2e0OCl+3UZpiwKCAQBP+3AjAF6UTy9ttVq9\ng6scZDaPZiBvSSUt4hJjCtbYzCSZ6lWvwg4KtoYJiID6Y15LZ9FKYe/OSZL5Dwzu\n3YsTJDuWBipCci4DGD5J9EIrcic4qtPBil2VDThKMS2ygX7P5n8tyg0gMSs6uepS\n0trGcu8yc9uGwkFkyQolym5pz90wPK3ZMS1nMRaCeBXifYBuCQ+kSQzhu0WVIVSw\ntW5YmnISz1OLwEQNi9oJOgex8D39UJ14FibudTKYMTKeUDD7nMB/TJhbz8+8lXyo\n6//o9/mjHKgr2/Ld+BWpoBX1gni4NQ1FYSboMMfWCXMEsWZEeLOps2o99E+59Xyj\nyXrhAoIBADJUoXuKWN16ehzhcHHh9OVAsIp0QcgZuycHzUl4Bt7OfaVY7OohUAaB\nHaA7Pj5UV9jivgmBhixD4O6TS5LmOQR3ePMye2777+i1O++sbtuBE2UgnO2T5rJD\nIrTkU/TNGGFPlYyRMJRFGWde2YGaWBWt8weXcG9oGNW8ASg1BrzKB/ZUT2JkE7El\n5afzCJlv9xfmuvTReVDG9bj+YwnoHwIGh+QWY/xVq1M4kwNGUUqchIxmxRwz2sbR\nF1VdLJ/cR4FXkgDlGDm11sX/c3pIDwjDwKQewReg61VGOdu/81vKsxwB7fGSfb1h\nQfHbElwhEn3+lRZnqMerqdTIZ4TZ23cCggEAS1Vne+MobSHfFzajVW/PbXaQhMue\nURwwXACAHIUTsPtAYaF9nyJU4csld9kbTDMq9K3anf9q78FyG1CH+6h17RpEWGoo\n+++Z2PceQlyb3jr7jW3MuP7Qg01G+Qu8gaIevZwuobz+YGEVgeISPCfqOw8Dl67C\nLvkAp+v74dwjEfIUm/ryRMPFwU9XGHPUUFnf130VP53kx9wy3HwC8Vojt3a4C+S5\nwiFMzcrGWsbQCwGY4/804pS/xOkJ3FNJoetKNni4IiP85eHC7v6hUNIy/8mB02oJ\nJHcqzK8Uv0DF4+EYtHY63iSlAAZWsuPcniLEfKv+VsEg1rnH/98UEdEP4A==\n-----END RSA PRIVATE KEY-----\n",
            "ready_for_renewal": false,
            "set_authority_key_id": false,
            "set_subject_key_id": false,
            "subject": [
              {
                "common_name": "rise.com",
                "country": null,
                "locality": null,
                "organization": "Rise, Amber",
                "organizational_unit": null,
                "postal_code": null,
                "province": null,
                "serial_number": null,
                "street_address": null
              }
            ],
            "uris": null,
            "validity_end_time": "2026-04-16T12:58:42.713466+05:45",
            "validity_period_hours": 8760,
            "validity_start_time": "2025-04-16T12:58:42.713466+05:45"
          },
          "sensitive_attributes": [
            [
              {
                "type": "get_attr",
                "value": "private_key_pem"
              }
            ]
          ],
          "dependencies": [
            "tls_private_key.example"
          ]
        }
      ]
    }
  ],
  "check_results": null
}
